
Microsoft Visual Studio Solution File, Format Version 12.00
# Visual Studio 14
VisualStudioVersion = 14.0.25420.1
MinimumVisualStudioVersion = 10.0.40219.1
Project("{D954291E-2A0B-460D-934E-DC6B0785DB48}") = "SensusService", "SensusService\SensusService.shproj", "{B2F65FE8-F266-4C0C-B4A8-D326002B9180}"
EndProject
Project("{FAE04EC0-301F-11D3-BF4B-00C04F79EFBC}") = "Sensus.Android", "Sensus.Android\Sensus.Android.csproj", "{D33B6CDB-795C-4826-B131-47C526ACE07F}"
EndProject
Project("{2150E333-8FDC-42A3-9474-1A3956D46DE8}") = "Solution Items", "Solution Items", "{56DC9286-7449-4F64-8C94-C6B4543F125D}"
	ProjectSection(SolutionItems) = preProject
		.gitignore = .gitignore
		LICENSE.txt = LICENSE.txt
		NOTICE.txt = NOTICE.txt
		README.md = README.md
	EndProjectSection
EndProject
Project("{2150E333-8FDC-42A3-9474-1A3956D46DE8}") = ".nuget", ".nuget", "{D0290BCC-1A5C-4258-891F-A1D4E8098EE2}"
	ProjectSection(SolutionItems) = preProject
		.nuget\NuGet.Config = .nuget\NuGet.Config
	EndProjectSection
EndProject
Project("{D954291E-2A0B-460D-934E-DC6B0785DB48}") = "SensusUI", "SensusUI\SensusUI.shproj", "{5B75B250-CCC2-43BF-91D7-5DAFAF0DCC6B}"
EndProject
Project("{FAE04EC0-301F-11D3-BF4B-00C04F79EFBC}") = "Sensus.iOS", "Sensus.iOS\Sensus.iOS.csproj", "{ACFA56BF-B959-4CAF-A2A7-981A9E48E17C}"
EndProject
Project("{FAE04EC0-301F-11D3-BF4B-00C04F79EFBC}") = "Sensus.Android.Tools", "Sensus.Android.Tools\Sensus.Android.Tools.csproj", "{9657183D-6303-43CA-9526-6D1033878F64}"
EndProject
Project("{FAE04EC0-301F-11D3-BF4B-00C04F79EFBC}") = "Sensus.Tools.Tests", "Sensus.Tools.Tests\Sensus.Tools.Tests.csproj", "{EF54B5C9-E38E-48B9-8B8C-1ECBE5C5680E}"
EndProject
Project("{FAE04EC0-301F-11D3-BF4B-00C04F79EFBC}") = "Sensus.iOS.Tools", "Sensus.iOS.Tools\Sensus.iOS.Tools.csproj", "{6380DA9C-4477-4877-840D-D41CF7D417CA}"
EndProject
Project("{FAE04EC0-301F-11D3-BF4B-00C04F79EFBC}") = "Sensus.Android.Tests", "Sensus.Android.Tests\Sensus.Android.Tests.csproj", "{AD7B78B0-AE51-4FB7-9B11-4E22A2B538CA}"
EndProject
Project("{FAE04EC0-301F-11D3-BF4B-00C04F79EFBC}") = "Sensus.iOS.Tests", "Sensus.iOS.Tests\Sensus.iOS.Tests.csproj", "{D2CED8F0-7A76-454D-B5F7-9E8B9FE6A58E}"
EndProject
Project("{FAE04EC0-301F-11D3-BF4B-00C04F79EFBC}") = "Sensus.UI.Tests", "Sensus.UI.Tests\Sensus.UI.Tests.csproj", "{306FDC42-BB95-4DFD-B867-654EA3F941E9}"
EndProject
Project("{FAE04EC0-301F-11D3-BF4B-00C04F79EFBC}") = "Sensus.Tools", "Sensus.Tools\Sensus.Tools.csproj", "{C26C649E-F32A-4B1E-93ED-89BDA3784D10}"
EndProject
Global
	GlobalSection(SharedMSBuildProjectFiles) = preSolution
		SensusUI\SensusUI.projitems*{5b75b250-ccc2-43bf-91d7-5dafaf0dcc6b}*SharedItemsImports = 13
		SensusService\SensusService.projitems*{acfa56bf-b959-4caf-a2a7-981a9e48e17c}*SharedItemsImports = 4
		SensusUI\SensusUI.projitems*{acfa56bf-b959-4caf-a2a7-981a9e48e17c}*SharedItemsImports = 4
		SensusService\SensusService.projitems*{b2f65fe8-f266-4c0c-b4a8-d326002b9180}*SharedItemsImports = 13
		SensusService\SensusService.projitems*{d33b6cdb-795c-4826-b131-47c526ace07f}*SharedItemsImports = 4
		SensusUI\SensusUI.projitems*{d33b6cdb-795c-4826-b131-47c526ace07f}*SharedItemsImports = 4
	EndGlobalSection
	GlobalSection(SolutionConfigurationPlatforms) = preSolution
		Ad-Hoc|Any CPU = Ad-Hoc|Any CPU
		Ad-Hoc|ARM = Ad-Hoc|ARM
		Ad-Hoc|iPhone = Ad-Hoc|iPhone
		Ad-Hoc|iPhoneSimulator = Ad-Hoc|iPhoneSimulator
		Ad-Hoc|Mixed Platforms = Ad-Hoc|Mixed Platforms
		Ad-Hoc|x86 = Ad-Hoc|x86
		AppStore|Any CPU = AppStore|Any CPU
		AppStore|ARM = AppStore|ARM
		AppStore|iPhone = AppStore|iPhone
		AppStore|iPhoneSimulator = AppStore|iPhoneSimulator
		AppStore|Mixed Platforms = AppStore|Mixed Platforms
		AppStore|x86 = AppStore|x86
		Debug|Any CPU = Debug|Any CPU
		Debug|ARM = Debug|ARM
		Debug|iPhone = Debug|iPhone
		Debug|iPhoneSimulator = Debug|iPhoneSimulator
		Debug|Mixed Platforms = Debug|Mixed Platforms
		Debug|x86 = Debug|x86
		LocalUnitTesting|Any CPU = LocalUnitTesting|Any CPU
		LocalUnitTesting|ARM = LocalUnitTesting|ARM
		LocalUnitTesting|iPhone = LocalUnitTesting|iPhone
		LocalUnitTesting|iPhoneSimulator = LocalUnitTesting|iPhoneSimulator
		LocalUnitTesting|Mixed Platforms = LocalUnitTesting|Mixed Platforms
		LocalUnitTesting|x86 = LocalUnitTesting|x86
		Release|Any CPU = Release|Any CPU
		Release|ARM = Release|ARM
		Release|iPhone = Release|iPhone
		Release|iPhoneSimulator = Release|iPhoneSimulator
		Release|Mixed Platforms = Release|Mixed Platforms
		Release|x86 = Release|x86
		XamarinTestCloud|Any CPU = XamarinTestCloud|Any CPU
		XamarinTestCloud|ARM = XamarinTestCloud|ARM
		XamarinTestCloud|iPhone = XamarinTestCloud|iPhone
		XamarinTestCloud|iPhoneSimulator = XamarinTestCloud|iPhoneSimulator
		XamarinTestCloud|Mixed Platforms = XamarinTestCloud|Mixed Platforms
		XamarinTestCloud|x86 = XamarinTestCloud|x86
	EndGlobalSection
	GlobalSection(ProjectConfigurationPlatforms) = postSolution
		{D33B6CDB-795C-4826-B131-47C526ACE07F}.Ad-Hoc|Any CPU.ActiveCfg = Release|Any CPU
		{D33B6CDB-795C-4826-B131-47C526ACE07F}.Ad-Hoc|Any CPU.Build.0 = Release|Any CPU
		{D33B6CDB-795C-4826-B131-47C526ACE07F}.Ad-Hoc|Any CPU.Deploy.0 = Release|Any CPU
		{D33B6CDB-795C-4826-B131-47C526ACE07F}.Ad-Hoc|ARM.ActiveCfg = Debug|Any CPU
		{D33B6CDB-795C-4826-B131-47C526ACE07F}.Ad-Hoc|iPhone.ActiveCfg = Release|Any CPU
		{D33B6CDB-795C-4826-B131-47C526ACE07F}.Ad-Hoc|iPhoneSimulator.ActiveCfg = Release|Any CPU
		{D33B6CDB-795C-4826-B131-47C526ACE07F}.Ad-Hoc|Mixed Platforms.ActiveCfg = Release|Any CPU
		{D33B6CDB-795C-4826-B131-47C526ACE07F}.Ad-Hoc|Mixed Platforms.Build.0 = Release|Any CPU
		{D33B6CDB-795C-4826-B131-47C526ACE07F}.Ad-Hoc|Mixed Platforms.Deploy.0 = Release|Any CPU
		{D33B6CDB-795C-4826-B131-47C526ACE07F}.Ad-Hoc|x86.ActiveCfg = Release|x86
		{D33B6CDB-795C-4826-B131-47C526ACE07F}.Ad-Hoc|x86.Build.0 = Release|x86
		{D33B6CDB-795C-4826-B131-47C526ACE07F}.Ad-Hoc|x86.Deploy.0 = Release|x86
		{D33B6CDB-795C-4826-B131-47C526ACE07F}.AppStore|Any CPU.ActiveCfg = XamarinTestCloud|Any CPU
		{D33B6CDB-795C-4826-B131-47C526ACE07F}.AppStore|ARM.ActiveCfg = XamarinTestCloud|Any CPU
		{D33B6CDB-795C-4826-B131-47C526ACE07F}.AppStore|iPhone.ActiveCfg = XamarinTestCloud|Any CPU
		{D33B6CDB-795C-4826-B131-47C526ACE07F}.AppStore|iPhoneSimulator.ActiveCfg = XamarinTestCloud|Any CPU
		{D33B6CDB-795C-4826-B131-47C526ACE07F}.AppStore|Mixed Platforms.ActiveCfg = Debug|x86
		{D33B6CDB-795C-4826-B131-47C526ACE07F}.AppStore|x86.ActiveCfg = Debug|x86
		{D33B6CDB-795C-4826-B131-47C526ACE07F}.Debug|Any CPU.ActiveCfg = Debug|Any CPU
		{D33B6CDB-795C-4826-B131-47C526ACE07F}.Debug|Any CPU.Build.0 = Debug|Any CPU
		{D33B6CDB-795C-4826-B131-47C526ACE07F}.Debug|Any CPU.Deploy.0 = Debug|Any CPU
		{D33B6CDB-795C-4826-B131-47C526ACE07F}.Debug|ARM.ActiveCfg = Debug|Any CPU
		{D33B6CDB-795C-4826-B131-47C526ACE07F}.Debug|iPhone.ActiveCfg = Debug|Any CPU
		{D33B6CDB-795C-4826-B131-47C526ACE07F}.Debug|iPhoneSimulator.ActiveCfg = Debug|x86
		{D33B6CDB-795C-4826-B131-47C526ACE07F}.Debug|iPhoneSimulator.Deploy.0 = Debug|x86
		{D33B6CDB-795C-4826-B131-47C526ACE07F}.Debug|Mixed Platforms.ActiveCfg = Debug|Any CPU
		{D33B6CDB-795C-4826-B131-47C526ACE07F}.Debug|Mixed Platforms.Build.0 = Debug|Any CPU
		{D33B6CDB-795C-4826-B131-47C526ACE07F}.Debug|Mixed Platforms.Deploy.0 = Debug|Any CPU
		{D33B6CDB-795C-4826-B131-47C526ACE07F}.Debug|x86.ActiveCfg = Debug|x86
		{D33B6CDB-795C-4826-B131-47C526ACE07F}.Debug|x86.Build.0 = Debug|x86
		{D33B6CDB-795C-4826-B131-47C526ACE07F}.Debug|x86.Deploy.0 = Debug|x86
		{D33B6CDB-795C-4826-B131-47C526ACE07F}.LocalUnitTesting|Any CPU.ActiveCfg = LocalUnitTesting|Any CPU
		{D33B6CDB-795C-4826-B131-47C526ACE07F}.LocalUnitTesting|Any CPU.Build.0 = LocalUnitTesting|Any CPU
		{D33B6CDB-795C-4826-B131-47C526ACE07F}.LocalUnitTesting|ARM.ActiveCfg = LocalUnitTesting|Any CPU
		{D33B6CDB-795C-4826-B131-47C526ACE07F}.LocalUnitTesting|iPhone.ActiveCfg = LocalUnitTesting|Any CPU
		{D33B6CDB-795C-4826-B131-47C526ACE07F}.LocalUnitTesting|iPhoneSimulator.ActiveCfg = LocalUnitTesting|Any CPU
		{D33B6CDB-795C-4826-B131-47C526ACE07F}.LocalUnitTesting|Mixed Platforms.ActiveCfg = LocalUnitTesting|Any CPU
		{D33B6CDB-795C-4826-B131-47C526ACE07F}.LocalUnitTesting|x86.ActiveCfg = LocalUnitTesting|Any CPU
		{D33B6CDB-795C-4826-B131-47C526ACE07F}.Release|Any CPU.ActiveCfg = Release|Any CPU
		{D33B6CDB-795C-4826-B131-47C526ACE07F}.Release|Any CPU.Build.0 = Release|Any CPU
		{D33B6CDB-795C-4826-B131-47C526ACE07F}.Release|Any CPU.Deploy.0 = Release|Any CPU
		{D33B6CDB-795C-4826-B131-47C526ACE07F}.Release|ARM.ActiveCfg = Release|Any CPU
		{D33B6CDB-795C-4826-B131-47C526ACE07F}.Release|iPhone.ActiveCfg = Release|Any CPU
		{D33B6CDB-795C-4826-B131-47C526ACE07F}.Release|iPhoneSimulator.ActiveCfg = Release|Any CPU
		{D33B6CDB-795C-4826-B131-47C526ACE07F}.Release|Mixed Platforms.ActiveCfg = Release|Any CPU
		{D33B6CDB-795C-4826-B131-47C526ACE07F}.Release|Mixed Platforms.Build.0 = Release|Any CPU
		{D33B6CDB-795C-4826-B131-47C526ACE07F}.Release|Mixed Platforms.Deploy.0 = Release|Any CPU
		{D33B6CDB-795C-4826-B131-47C526ACE07F}.Release|x86.ActiveCfg = Release|x86
		{D33B6CDB-795C-4826-B131-47C526ACE07F}.Release|x86.Build.0 = Release|x86
		{D33B6CDB-795C-4826-B131-47C526ACE07F}.Release|x86.Deploy.0 = Release|x86
		{D33B6CDB-795C-4826-B131-47C526ACE07F}.XamarinTestCloud|Any CPU.ActiveCfg = XamarinTestCloud|Any CPU
		{D33B6CDB-795C-4826-B131-47C526ACE07F}.XamarinTestCloud|Any CPU.Build.0 = XamarinTestCloud|Any CPU
		{D33B6CDB-795C-4826-B131-47C526ACE07F}.XamarinTestCloud|ARM.ActiveCfg = XamarinTestCloud|Any CPU
		{D33B6CDB-795C-4826-B131-47C526ACE07F}.XamarinTestCloud|iPhone.ActiveCfg = XamarinTestCloud|Any CPU
		{D33B6CDB-795C-4826-B131-47C526ACE07F}.XamarinTestCloud|iPhoneSimulator.ActiveCfg = XamarinTestCloud|Any CPU
		{D33B6CDB-795C-4826-B131-47C526ACE07F}.XamarinTestCloud|Mixed Platforms.ActiveCfg = XamarinTestCloud|Any CPU
		{D33B6CDB-795C-4826-B131-47C526ACE07F}.XamarinTestCloud|x86.ActiveCfg = XamarinTestCloud|Any CPU
		{ACFA56BF-B959-4CAF-A2A7-981A9E48E17C}.Ad-Hoc|Any CPU.ActiveCfg = Ad-Hoc|iPhone
		{ACFA56BF-B959-4CAF-A2A7-981A9E48E17C}.Ad-Hoc|Any CPU.Build.0 = Ad-Hoc|iPhone
		{ACFA56BF-B959-4CAF-A2A7-981A9E48E17C}.Ad-Hoc|ARM.ActiveCfg = Ad-Hoc|iPhone
		{ACFA56BF-B959-4CAF-A2A7-981A9E48E17C}.Ad-Hoc|ARM.Build.0 = Ad-Hoc|iPhone
		{ACFA56BF-B959-4CAF-A2A7-981A9E48E17C}.Ad-Hoc|iPhone.ActiveCfg = Ad-Hoc|iPhone
		{ACFA56BF-B959-4CAF-A2A7-981A9E48E17C}.Ad-Hoc|iPhone.Build.0 = Ad-Hoc|iPhone
		{ACFA56BF-B959-4CAF-A2A7-981A9E48E17C}.Ad-Hoc|iPhoneSimulator.ActiveCfg = Ad-Hoc|iPhone
		{ACFA56BF-B959-4CAF-A2A7-981A9E48E17C}.Ad-Hoc|iPhoneSimulator.Build.0 = Ad-Hoc|iPhone
		{ACFA56BF-B959-4CAF-A2A7-981A9E48E17C}.Ad-Hoc|Mixed Platforms.ActiveCfg = Ad-Hoc|iPhone
		{ACFA56BF-B959-4CAF-A2A7-981A9E48E17C}.Ad-Hoc|Mixed Platforms.Build.0 = Ad-Hoc|iPhone
		{ACFA56BF-B959-4CAF-A2A7-981A9E48E17C}.Ad-Hoc|x86.ActiveCfg = Ad-Hoc|iPhone
		{ACFA56BF-B959-4CAF-A2A7-981A9E48E17C}.Ad-Hoc|x86.Build.0 = Ad-Hoc|iPhone
		{ACFA56BF-B959-4CAF-A2A7-981A9E48E17C}.AppStore|Any CPU.ActiveCfg = XamarinTestCloud|iPhone
		{ACFA56BF-B959-4CAF-A2A7-981A9E48E17C}.AppStore|ARM.ActiveCfg = XamarinTestCloud|iPhone
		{ACFA56BF-B959-4CAF-A2A7-981A9E48E17C}.AppStore|iPhone.ActiveCfg = Ad-Hoc|iPhone
		{ACFA56BF-B959-4CAF-A2A7-981A9E48E17C}.AppStore|iPhoneSimulator.ActiveCfg = Release|iPhoneSimulator
		{ACFA56BF-B959-4CAF-A2A7-981A9E48E17C}.AppStore|Mixed Platforms.ActiveCfg = Ad-Hoc|iPhone
		{ACFA56BF-B959-4CAF-A2A7-981A9E48E17C}.AppStore|x86.ActiveCfg = XamarinTestCloud|iPhone
		{ACFA56BF-B959-4CAF-A2A7-981A9E48E17C}.Debug|Any CPU.ActiveCfg = Debug|iPhoneSimulator
		{ACFA56BF-B959-4CAF-A2A7-981A9E48E17C}.Debug|ARM.ActiveCfg = Debug|iPhoneSimulator
		{ACFA56BF-B959-4CAF-A2A7-981A9E48E17C}.Debug|ARM.Build.0 = Debug|iPhoneSimulator
		{ACFA56BF-B959-4CAF-A2A7-981A9E48E17C}.Debug|iPhone.ActiveCfg = Debug|iPhone
		{ACFA56BF-B959-4CAF-A2A7-981A9E48E17C}.Debug|iPhone.Build.0 = Debug|iPhone
		{ACFA56BF-B959-4CAF-A2A7-981A9E48E17C}.Debug|iPhoneSimulator.ActiveCfg = Debug|iPhoneSimulator
		{ACFA56BF-B959-4CAF-A2A7-981A9E48E17C}.Debug|iPhoneSimulator.Build.0 = Debug|iPhoneSimulator
		{ACFA56BF-B959-4CAF-A2A7-981A9E48E17C}.Debug|Mixed Platforms.ActiveCfg = Debug|iPhoneSimulator
		{ACFA56BF-B959-4CAF-A2A7-981A9E48E17C}.Debug|Mixed Platforms.Build.0 = Debug|iPhoneSimulator
		{ACFA56BF-B959-4CAF-A2A7-981A9E48E17C}.Debug|x86.ActiveCfg = Debug|iPhoneSimulator
		{ACFA56BF-B959-4CAF-A2A7-981A9E48E17C}.Debug|x86.Build.0 = Debug|iPhoneSimulator
		{ACFA56BF-B959-4CAF-A2A7-981A9E48E17C}.LocalUnitTesting|Any CPU.ActiveCfg = LocalUnitTesting|iPhone
		{ACFA56BF-B959-4CAF-A2A7-981A9E48E17C}.LocalUnitTesting|Any CPU.Build.0 = LocalUnitTesting|iPhone
		{ACFA56BF-B959-4CAF-A2A7-981A9E48E17C}.LocalUnitTesting|ARM.ActiveCfg = LocalUnitTesting|iPhone
		{ACFA56BF-B959-4CAF-A2A7-981A9E48E17C}.LocalUnitTesting|iPhone.ActiveCfg = LocalUnitTesting|iPhone
		{ACFA56BF-B959-4CAF-A2A7-981A9E48E17C}.LocalUnitTesting|iPhoneSimulator.ActiveCfg = LocalUnitTesting|iPhone
		{ACFA56BF-B959-4CAF-A2A7-981A9E48E17C}.LocalUnitTesting|Mixed Platforms.ActiveCfg = LocalUnitTesting|iPhone
		{ACFA56BF-B959-4CAF-A2A7-981A9E48E17C}.LocalUnitTesting|x86.ActiveCfg = LocalUnitTesting|iPhone
		{ACFA56BF-B959-4CAF-A2A7-981A9E48E17C}.Release|Any CPU.ActiveCfg = Release|iPhoneSimulator
		{ACFA56BF-B959-4CAF-A2A7-981A9E48E17C}.Release|ARM.ActiveCfg = Release|iPhoneSimulator
		{ACFA56BF-B959-4CAF-A2A7-981A9E48E17C}.Release|ARM.Build.0 = Release|iPhoneSimulator
		{ACFA56BF-B959-4CAF-A2A7-981A9E48E17C}.Release|iPhone.ActiveCfg = Release|iPhone
		{ACFA56BF-B959-4CAF-A2A7-981A9E48E17C}.Release|iPhone.Build.0 = Release|iPhone
		{ACFA56BF-B959-4CAF-A2A7-981A9E48E17C}.Release|iPhoneSimulator.ActiveCfg = Release|iPhoneSimulator
		{ACFA56BF-B959-4CAF-A2A7-981A9E48E17C}.Release|iPhoneSimulator.Build.0 = Release|iPhoneSimulator
		{ACFA56BF-B959-4CAF-A2A7-981A9E48E17C}.Release|Mixed Platforms.ActiveCfg = Release|iPhoneSimulator
		{ACFA56BF-B959-4CAF-A2A7-981A9E48E17C}.Release|Mixed Platforms.Build.0 = Release|iPhoneSimulator
		{ACFA56BF-B959-4CAF-A2A7-981A9E48E17C}.Release|x86.ActiveCfg = Release|iPhoneSimulator
		{ACFA56BF-B959-4CAF-A2A7-981A9E48E17C}.Release|x86.Build.0 = Release|iPhoneSimulator
		{ACFA56BF-B959-4CAF-A2A7-981A9E48E17C}.XamarinTestCloud|Any CPU.ActiveCfg = XamarinTestCloud|iPhone
		{ACFA56BF-B959-4CAF-A2A7-981A9E48E17C}.XamarinTestCloud|Any CPU.Build.0 = XamarinTestCloud|iPhone
		{ACFA56BF-B959-4CAF-A2A7-981A9E48E17C}.XamarinTestCloud|ARM.ActiveCfg = XamarinTestCloud|iPhone
		{ACFA56BF-B959-4CAF-A2A7-981A9E48E17C}.XamarinTestCloud|iPhone.ActiveCfg = XamarinTestCloud|iPhone
		{ACFA56BF-B959-4CAF-A2A7-981A9E48E17C}.XamarinTestCloud|iPhoneSimulator.ActiveCfg = XamarinTestCloud|iPhone
		{ACFA56BF-B959-4CAF-A2A7-981A9E48E17C}.XamarinTestCloud|Mixed Platforms.ActiveCfg = XamarinTestCloud|iPhone
		{ACFA56BF-B959-4CAF-A2A7-981A9E48E17C}.XamarinTestCloud|x86.ActiveCfg = XamarinTestCloud|iPhone
		{9657183D-6303-43CA-9526-6D1033878F64}.Ad-Hoc|Any CPU.ActiveCfg = Release|Any CPU
		{9657183D-6303-43CA-9526-6D1033878F64}.Ad-Hoc|Any CPU.Build.0 = Release|Any CPU
		{9657183D-6303-43CA-9526-6D1033878F64}.Ad-Hoc|ARM.ActiveCfg = Release|Any CPU
		{9657183D-6303-43CA-9526-6D1033878F64}.Ad-Hoc|ARM.Build.0 = Release|Any CPU
		{9657183D-6303-43CA-9526-6D1033878F64}.Ad-Hoc|iPhone.ActiveCfg = Release|Any CPU
		{9657183D-6303-43CA-9526-6D1033878F64}.Ad-Hoc|iPhoneSimulator.ActiveCfg = Release|Any CPU
		{9657183D-6303-43CA-9526-6D1033878F64}.Ad-Hoc|Mixed Platforms.ActiveCfg = Release|Any CPU
		{9657183D-6303-43CA-9526-6D1033878F64}.Ad-Hoc|Mixed Platforms.Build.0 = Release|Any CPU
		{9657183D-6303-43CA-9526-6D1033878F64}.Ad-Hoc|x86.ActiveCfg = Release|Any CPU
		{9657183D-6303-43CA-9526-6D1033878F64}.Ad-Hoc|x86.Build.0 = Release|Any CPU
		{9657183D-6303-43CA-9526-6D1033878F64}.AppStore|Any CPU.ActiveCfg = Release|Any CPU
		{9657183D-6303-43CA-9526-6D1033878F64}.AppStore|Any CPU.Build.0 = Release|Any CPU
		{9657183D-6303-43CA-9526-6D1033878F64}.AppStore|ARM.ActiveCfg = Release|Any CPU
		{9657183D-6303-43CA-9526-6D1033878F64}.AppStore|ARM.Build.0 = Release|Any CPU
		{9657183D-6303-43CA-9526-6D1033878F64}.AppStore|iPhone.ActiveCfg = Release|Any CPU
		{9657183D-6303-43CA-9526-6D1033878F64}.AppStore|iPhone.Build.0 = Release|Any CPU
		{9657183D-6303-43CA-9526-6D1033878F64}.AppStore|iPhoneSimulator.ActiveCfg = Release|Any CPU
		{9657183D-6303-43CA-9526-6D1033878F64}.AppStore|iPhoneSimulator.Build.0 = Release|Any CPU
		{9657183D-6303-43CA-9526-6D1033878F64}.AppStore|Mixed Platforms.ActiveCfg = Release|Any CPU
		{9657183D-6303-43CA-9526-6D1033878F64}.AppStore|Mixed Platforms.Build.0 = Release|Any CPU
		{9657183D-6303-43CA-9526-6D1033878F64}.AppStore|x86.ActiveCfg = Release|Any CPU
		{9657183D-6303-43CA-9526-6D1033878F64}.AppStore|x86.Build.0 = Release|Any CPU
		{9657183D-6303-43CA-9526-6D1033878F64}.Debug|Any CPU.ActiveCfg = Debug|Any CPU
		{9657183D-6303-43CA-9526-6D1033878F64}.Debug|Any CPU.Build.0 = Debug|Any CPU
		{9657183D-6303-43CA-9526-6D1033878F64}.Debug|ARM.ActiveCfg = Debug|Any CPU
		{9657183D-6303-43CA-9526-6D1033878F64}.Debug|ARM.Build.0 = Debug|Any CPU
		{9657183D-6303-43CA-9526-6D1033878F64}.Debug|iPhone.ActiveCfg = Debug|Any CPU
		{9657183D-6303-43CA-9526-6D1033878F64}.Debug|iPhoneSimulator.ActiveCfg = Debug|Any CPU
		{9657183D-6303-43CA-9526-6D1033878F64}.Debug|Mixed Platforms.ActiveCfg = Debug|Any CPU
		{9657183D-6303-43CA-9526-6D1033878F64}.Debug|Mixed Platforms.Build.0 = Debug|Any CPU
		{9657183D-6303-43CA-9526-6D1033878F64}.Debug|x86.ActiveCfg = Debug|Any CPU
		{9657183D-6303-43CA-9526-6D1033878F64}.Debug|x86.Build.0 = Debug|Any CPU
		{9657183D-6303-43CA-9526-6D1033878F64}.LocalUnitTesting|Any CPU.ActiveCfg = Release|Any CPU
		{9657183D-6303-43CA-9526-6D1033878F64}.LocalUnitTesting|Any CPU.Build.0 = Release|Any CPU
		{9657183D-6303-43CA-9526-6D1033878F64}.LocalUnitTesting|ARM.ActiveCfg = Release|Any CPU
		{9657183D-6303-43CA-9526-6D1033878F64}.LocalUnitTesting|ARM.Build.0 = Release|Any CPU
		{9657183D-6303-43CA-9526-6D1033878F64}.LocalUnitTesting|iPhone.ActiveCfg = Release|Any CPU
		{9657183D-6303-43CA-9526-6D1033878F64}.LocalUnitTesting|iPhone.Build.0 = Release|Any CPU
		{9657183D-6303-43CA-9526-6D1033878F64}.LocalUnitTesting|iPhoneSimulator.ActiveCfg = Release|Any CPU
		{9657183D-6303-43CA-9526-6D1033878F64}.LocalUnitTesting|iPhoneSimulator.Build.0 = Release|Any CPU
		{9657183D-6303-43CA-9526-6D1033878F64}.LocalUnitTesting|Mixed Platforms.ActiveCfg = Release|Any CPU
		{9657183D-6303-43CA-9526-6D1033878F64}.LocalUnitTesting|Mixed Platforms.Build.0 = Release|Any CPU
		{9657183D-6303-43CA-9526-6D1033878F64}.LocalUnitTesting|x86.ActiveCfg = Release|Any CPU
		{9657183D-6303-43CA-9526-6D1033878F64}.LocalUnitTesting|x86.Build.0 = Release|Any CPU
		{9657183D-6303-43CA-9526-6D1033878F64}.Release|Any CPU.ActiveCfg = Release|Any CPU
		{9657183D-6303-43CA-9526-6D1033878F64}.Release|Any CPU.Build.0 = Release|Any CPU
		{9657183D-6303-43CA-9526-6D1033878F64}.Release|ARM.ActiveCfg = Release|Any CPU
		{9657183D-6303-43CA-9526-6D1033878F64}.Release|ARM.Build.0 = Release|Any CPU
		{9657183D-6303-43CA-9526-6D1033878F64}.Release|iPhone.ActiveCfg = Release|Any CPU
		{9657183D-6303-43CA-9526-6D1033878F64}.Release|iPhoneSimulator.ActiveCfg = Release|Any CPU
		{9657183D-6303-43CA-9526-6D1033878F64}.Release|Mixed Platforms.ActiveCfg = Release|Any CPU
		{9657183D-6303-43CA-9526-6D1033878F64}.Release|Mixed Platforms.Build.0 = Release|Any CPU
		{9657183D-6303-43CA-9526-6D1033878F64}.Release|x86.ActiveCfg = Release|Any CPU
		{9657183D-6303-43CA-9526-6D1033878F64}.Release|x86.Build.0 = Release|Any CPU
		{9657183D-6303-43CA-9526-6D1033878F64}.XamarinTestCloud|Any CPU.ActiveCfg = Release|Any CPU
		{9657183D-6303-43CA-9526-6D1033878F64}.XamarinTestCloud|Any CPU.Build.0 = Release|Any CPU
		{9657183D-6303-43CA-9526-6D1033878F64}.XamarinTestCloud|ARM.ActiveCfg = Release|Any CPU
		{9657183D-6303-43CA-9526-6D1033878F64}.XamarinTestCloud|ARM.Build.0 = Release|Any CPU
		{9657183D-6303-43CA-9526-6D1033878F64}.XamarinTestCloud|iPhone.ActiveCfg = Release|Any CPU
		{9657183D-6303-43CA-9526-6D1033878F64}.XamarinTestCloud|iPhone.Build.0 = Release|Any CPU
		{9657183D-6303-43CA-9526-6D1033878F64}.XamarinTestCloud|iPhoneSimulator.ActiveCfg = Release|Any CPU
		{9657183D-6303-43CA-9526-6D1033878F64}.XamarinTestCloud|iPhoneSimulator.Build.0 = Release|Any CPU
		{9657183D-6303-43CA-9526-6D1033878F64}.XamarinTestCloud|Mixed Platforms.ActiveCfg = Release|Any CPU
		{9657183D-6303-43CA-9526-6D1033878F64}.XamarinTestCloud|Mixed Platforms.Build.0 = Release|Any CPU
		{9657183D-6303-43CA-9526-6D1033878F64}.XamarinTestCloud|x86.ActiveCfg = Release|Any CPU
		{9657183D-6303-43CA-9526-6D1033878F64}.XamarinTestCloud|x86.Build.0 = Release|Any CPU
		{EF54B5C9-E38E-48B9-8B8C-1ECBE5C5680E}.Ad-Hoc|Any CPU.ActiveCfg = Release|Any CPU
		{EF54B5C9-E38E-48B9-8B8C-1ECBE5C5680E}.Ad-Hoc|Any CPU.Build.0 = Release|Any CPU
		{EF54B5C9-E38E-48B9-8B8C-1ECBE5C5680E}.Ad-Hoc|ARM.ActiveCfg = Release|Any CPU
		{EF54B5C9-E38E-48B9-8B8C-1ECBE5C5680E}.Ad-Hoc|ARM.Build.0 = Release|Any CPU
		{EF54B5C9-E38E-48B9-8B8C-1ECBE5C5680E}.Ad-Hoc|iPhone.ActiveCfg = Release|Any CPU
		{EF54B5C9-E38E-48B9-8B8C-1ECBE5C5680E}.Ad-Hoc|iPhone.Build.0 = Release|Any CPU
		{EF54B5C9-E38E-48B9-8B8C-1ECBE5C5680E}.Ad-Hoc|iPhoneSimulator.ActiveCfg = Release|Any CPU
		{EF54B5C9-E38E-48B9-8B8C-1ECBE5C5680E}.Ad-Hoc|iPhoneSimulator.Build.0 = Release|Any CPU
		{EF54B5C9-E38E-48B9-8B8C-1ECBE5C5680E}.Ad-Hoc|Mixed Platforms.ActiveCfg = Release|Any CPU
		{EF54B5C9-E38E-48B9-8B8C-1ECBE5C5680E}.Ad-Hoc|Mixed Platforms.Build.0 = Release|Any CPU
		{EF54B5C9-E38E-48B9-8B8C-1ECBE5C5680E}.Ad-Hoc|x86.ActiveCfg = Release|Any CPU
		{EF54B5C9-E38E-48B9-8B8C-1ECBE5C5680E}.Ad-Hoc|x86.Build.0 = Release|Any CPU
		{EF54B5C9-E38E-48B9-8B8C-1ECBE5C5680E}.AppStore|Any CPU.ActiveCfg = Release|Any CPU
		{EF54B5C9-E38E-48B9-8B8C-1ECBE5C5680E}.AppStore|Any CPU.Build.0 = Release|Any CPU
		{EF54B5C9-E38E-48B9-8B8C-1ECBE5C5680E}.AppStore|ARM.ActiveCfg = Release|Any CPU
		{EF54B5C9-E38E-48B9-8B8C-1ECBE5C5680E}.AppStore|ARM.Build.0 = Release|Any CPU
		{EF54B5C9-E38E-48B9-8B8C-1ECBE5C5680E}.AppStore|iPhone.ActiveCfg = Release|Any CPU
		{EF54B5C9-E38E-48B9-8B8C-1ECBE5C5680E}.AppStore|iPhone.Build.0 = Release|Any CPU
		{EF54B5C9-E38E-48B9-8B8C-1ECBE5C5680E}.AppStore|iPhoneSimulator.ActiveCfg = Release|Any CPU
		{EF54B5C9-E38E-48B9-8B8C-1ECBE5C5680E}.AppStore|iPhoneSimulator.Build.0 = Release|Any CPU
		{EF54B5C9-E38E-48B9-8B8C-1ECBE5C5680E}.AppStore|Mixed Platforms.ActiveCfg = Release|Any CPU
		{EF54B5C9-E38E-48B9-8B8C-1ECBE5C5680E}.AppStore|Mixed Platforms.Build.0 = Release|Any CPU
		{EF54B5C9-E38E-48B9-8B8C-1ECBE5C5680E}.AppStore|x86.ActiveCfg = Release|Any CPU
		{EF54B5C9-E38E-48B9-8B8C-1ECBE5C5680E}.AppStore|x86.Build.0 = Release|Any CPU
		{EF54B5C9-E38E-48B9-8B8C-1ECBE5C5680E}.Debug|Any CPU.ActiveCfg = Debug|Any CPU
		{EF54B5C9-E38E-48B9-8B8C-1ECBE5C5680E}.Debug|Any CPU.Build.0 = Debug|Any CPU
		{EF54B5C9-E38E-48B9-8B8C-1ECBE5C5680E}.Debug|ARM.ActiveCfg = Debug|Any CPU
		{EF54B5C9-E38E-48B9-8B8C-1ECBE5C5680E}.Debug|ARM.Build.0 = Debug|Any CPU
		{EF54B5C9-E38E-48B9-8B8C-1ECBE5C5680E}.Debug|iPhone.ActiveCfg = Debug|Any CPU
		{EF54B5C9-E38E-48B9-8B8C-1ECBE5C5680E}.Debug|iPhone.Build.0 = Debug|Any CPU
		{EF54B5C9-E38E-48B9-8B8C-1ECBE5C5680E}.Debug|iPhoneSimulator.ActiveCfg = Debug|Any CPU
		{EF54B5C9-E38E-48B9-8B8C-1ECBE5C5680E}.Debug|iPhoneSimulator.Build.0 = Debug|Any CPU
		{EF54B5C9-E38E-48B9-8B8C-1ECBE5C5680E}.Debug|Mixed Platforms.ActiveCfg = Debug|Any CPU
		{EF54B5C9-E38E-48B9-8B8C-1ECBE5C5680E}.Debug|Mixed Platforms.Build.0 = Debug|Any CPU
		{EF54B5C9-E38E-48B9-8B8C-1ECBE5C5680E}.Debug|x86.ActiveCfg = Debug|Any CPU
		{EF54B5C9-E38E-48B9-8B8C-1ECBE5C5680E}.Debug|x86.Build.0 = Debug|Any CPU
		{EF54B5C9-E38E-48B9-8B8C-1ECBE5C5680E}.LocalUnitTesting|Any CPU.ActiveCfg = Release|Any CPU
		{EF54B5C9-E38E-48B9-8B8C-1ECBE5C5680E}.LocalUnitTesting|Any CPU.Build.0 = Release|Any CPU
		{EF54B5C9-E38E-48B9-8B8C-1ECBE5C5680E}.LocalUnitTesting|ARM.ActiveCfg = Release|Any CPU
		{EF54B5C9-E38E-48B9-8B8C-1ECBE5C5680E}.LocalUnitTesting|ARM.Build.0 = Release|Any CPU
		{EF54B5C9-E38E-48B9-8B8C-1ECBE5C5680E}.LocalUnitTesting|iPhone.ActiveCfg = Release|Any CPU
		{EF54B5C9-E38E-48B9-8B8C-1ECBE5C5680E}.LocalUnitTesting|iPhone.Build.0 = Release|Any CPU
		{EF54B5C9-E38E-48B9-8B8C-1ECBE5C5680E}.LocalUnitTesting|iPhoneSimulator.ActiveCfg = Release|Any CPU
		{EF54B5C9-E38E-48B9-8B8C-1ECBE5C5680E}.LocalUnitTesting|iPhoneSimulator.Build.0 = Release|Any CPU
		{EF54B5C9-E38E-48B9-8B8C-1ECBE5C5680E}.LocalUnitTesting|Mixed Platforms.ActiveCfg = Release|Any CPU
		{EF54B5C9-E38E-48B9-8B8C-1ECBE5C5680E}.LocalUnitTesting|Mixed Platforms.Build.0 = Release|Any CPU
		{EF54B5C9-E38E-48B9-8B8C-1ECBE5C5680E}.LocalUnitTesting|x86.ActiveCfg = Release|Any CPU
		{EF54B5C9-E38E-48B9-8B8C-1ECBE5C5680E}.LocalUnitTesting|x86.Build.0 = Release|Any CPU
		{EF54B5C9-E38E-48B9-8B8C-1ECBE5C5680E}.Release|Any CPU.ActiveCfg = Release|Any CPU
		{EF54B5C9-E38E-48B9-8B8C-1ECBE5C5680E}.Release|Any CPU.Build.0 = Release|Any CPU
		{EF54B5C9-E38E-48B9-8B8C-1ECBE5C5680E}.Release|ARM.ActiveCfg = Release|Any CPU
		{EF54B5C9-E38E-48B9-8B8C-1ECBE5C5680E}.Release|ARM.Build.0 = Release|Any CPU
		{EF54B5C9-E38E-48B9-8B8C-1ECBE5C5680E}.Release|iPhone.ActiveCfg = Release|Any CPU
		{EF54B5C9-E38E-48B9-8B8C-1ECBE5C5680E}.Release|iPhone.Build.0 = Release|Any CPU
		{EF54B5C9-E38E-48B9-8B8C-1ECBE5C5680E}.Release|iPhoneSimulator.ActiveCfg = Release|Any CPU
		{EF54B5C9-E38E-48B9-8B8C-1ECBE5C5680E}.Release|iPhoneSimulator.Build.0 = Release|Any CPU
		{EF54B5C9-E38E-48B9-8B8C-1ECBE5C5680E}.Release|Mixed Platforms.ActiveCfg = Release|Any CPU
		{EF54B5C9-E38E-48B9-8B8C-1ECBE5C5680E}.Release|Mixed Platforms.Build.0 = Release|Any CPU
		{EF54B5C9-E38E-48B9-8B8C-1ECBE5C5680E}.Release|x86.ActiveCfg = Release|Any CPU
		{EF54B5C9-E38E-48B9-8B8C-1ECBE5C5680E}.Release|x86.Build.0 = Release|Any CPU
		{EF54B5C9-E38E-48B9-8B8C-1ECBE5C5680E}.XamarinTestCloud|Any CPU.ActiveCfg = Release|Any CPU
		{EF54B5C9-E38E-48B9-8B8C-1ECBE5C5680E}.XamarinTestCloud|Any CPU.Build.0 = Release|Any CPU
		{EF54B5C9-E38E-48B9-8B8C-1ECBE5C5680E}.XamarinTestCloud|ARM.ActiveCfg = Release|Any CPU
		{EF54B5C9-E38E-48B9-8B8C-1ECBE5C5680E}.XamarinTestCloud|ARM.Build.0 = Release|Any CPU
		{EF54B5C9-E38E-48B9-8B8C-1ECBE5C5680E}.XamarinTestCloud|iPhone.ActiveCfg = Release|Any CPU
		{EF54B5C9-E38E-48B9-8B8C-1ECBE5C5680E}.XamarinTestCloud|iPhone.Build.0 = Release|Any CPU
		{EF54B5C9-E38E-48B9-8B8C-1ECBE5C5680E}.XamarinTestCloud|iPhoneSimulator.ActiveCfg = Release|Any CPU
		{EF54B5C9-E38E-48B9-8B8C-1ECBE5C5680E}.XamarinTestCloud|iPhoneSimulator.Build.0 = Release|Any CPU
		{EF54B5C9-E38E-48B9-8B8C-1ECBE5C5680E}.XamarinTestCloud|Mixed Platforms.ActiveCfg = Release|Any CPU
		{EF54B5C9-E38E-48B9-8B8C-1ECBE5C5680E}.XamarinTestCloud|Mixed Platforms.Build.0 = Release|Any CPU
		{EF54B5C9-E38E-48B9-8B8C-1ECBE5C5680E}.XamarinTestCloud|x86.ActiveCfg = Release|Any CPU
		{EF54B5C9-E38E-48B9-8B8C-1ECBE5C5680E}.XamarinTestCloud|x86.Build.0 = Release|Any CPU
		{6380DA9C-4477-4877-840D-D41CF7D417CA}.Ad-Hoc|Any CPU.ActiveCfg = Release|Any CPU
		{6380DA9C-4477-4877-840D-D41CF7D417CA}.Ad-Hoc|Any CPU.Build.0 = Release|Any CPU
		{6380DA9C-4477-4877-840D-D41CF7D417CA}.Ad-Hoc|ARM.ActiveCfg = Release|Any CPU
		{6380DA9C-4477-4877-840D-D41CF7D417CA}.Ad-Hoc|ARM.Build.0 = Release|Any CPU
		{6380DA9C-4477-4877-840D-D41CF7D417CA}.Ad-Hoc|iPhone.ActiveCfg = Release|Any CPU
		{6380DA9C-4477-4877-840D-D41CF7D417CA}.Ad-Hoc|iPhone.Build.0 = Release|Any CPU
		{6380DA9C-4477-4877-840D-D41CF7D417CA}.Ad-Hoc|iPhoneSimulator.ActiveCfg = Release|Any CPU
		{6380DA9C-4477-4877-840D-D41CF7D417CA}.Ad-Hoc|iPhoneSimulator.Build.0 = Release|Any CPU
		{6380DA9C-4477-4877-840D-D41CF7D417CA}.Ad-Hoc|Mixed Platforms.ActiveCfg = Release|Any CPU
		{6380DA9C-4477-4877-840D-D41CF7D417CA}.Ad-Hoc|Mixed Platforms.Build.0 = Release|Any CPU
		{6380DA9C-4477-4877-840D-D41CF7D417CA}.Ad-Hoc|x86.ActiveCfg = Release|Any CPU
		{6380DA9C-4477-4877-840D-D41CF7D417CA}.Ad-Hoc|x86.Build.0 = Release|Any CPU
		{6380DA9C-4477-4877-840D-D41CF7D417CA}.AppStore|Any CPU.ActiveCfg = Release|Any CPU
		{6380DA9C-4477-4877-840D-D41CF7D417CA}.AppStore|Any CPU.Build.0 = Release|Any CPU
		{6380DA9C-4477-4877-840D-D41CF7D417CA}.AppStore|ARM.ActiveCfg = Release|Any CPU
		{6380DA9C-4477-4877-840D-D41CF7D417CA}.AppStore|ARM.Build.0 = Release|Any CPU
		{6380DA9C-4477-4877-840D-D41CF7D417CA}.AppStore|iPhone.ActiveCfg = Release|Any CPU
		{6380DA9C-4477-4877-840D-D41CF7D417CA}.AppStore|iPhone.Build.0 = Release|Any CPU
		{6380DA9C-4477-4877-840D-D41CF7D417CA}.AppStore|iPhoneSimulator.ActiveCfg = Release|Any CPU
		{6380DA9C-4477-4877-840D-D41CF7D417CA}.AppStore|iPhoneSimulator.Build.0 = Release|Any CPU
		{6380DA9C-4477-4877-840D-D41CF7D417CA}.AppStore|Mixed Platforms.ActiveCfg = Release|Any CPU
		{6380DA9C-4477-4877-840D-D41CF7D417CA}.AppStore|Mixed Platforms.Build.0 = Release|Any CPU
		{6380DA9C-4477-4877-840D-D41CF7D417CA}.AppStore|x86.ActiveCfg = Release|Any CPU
		{6380DA9C-4477-4877-840D-D41CF7D417CA}.AppStore|x86.Build.0 = Release|Any CPU
		{6380DA9C-4477-4877-840D-D41CF7D417CA}.Debug|Any CPU.ActiveCfg = Debug|Any CPU
		{6380DA9C-4477-4877-840D-D41CF7D417CA}.Debug|ARM.ActiveCfg = Debug|Any CPU
		{6380DA9C-4477-4877-840D-D41CF7D417CA}.Debug|ARM.Build.0 = Debug|Any CPU
		{6380DA9C-4477-4877-840D-D41CF7D417CA}.Debug|iPhone.ActiveCfg = Debug|Any CPU
		{6380DA9C-4477-4877-840D-D41CF7D417CA}.Debug|iPhone.Build.0 = Debug|Any CPU
		{6380DA9C-4477-4877-840D-D41CF7D417CA}.Debug|iPhoneSimulator.ActiveCfg = Debug|Any CPU
		{6380DA9C-4477-4877-840D-D41CF7D417CA}.Debug|iPhoneSimulator.Build.0 = Debug|Any CPU
		{6380DA9C-4477-4877-840D-D41CF7D417CA}.Debug|Mixed Platforms.ActiveCfg = Debug|Any CPU
		{6380DA9C-4477-4877-840D-D41CF7D417CA}.Debug|Mixed Platforms.Build.0 = Debug|Any CPU
		{6380DA9C-4477-4877-840D-D41CF7D417CA}.Debug|x86.ActiveCfg = Debug|Any CPU
		{6380DA9C-4477-4877-840D-D41CF7D417CA}.Debug|x86.Build.0 = Debug|Any CPU
		{6380DA9C-4477-4877-840D-D41CF7D417CA}.LocalUnitTesting|Any CPU.ActiveCfg = Release|Any CPU
		{6380DA9C-4477-4877-840D-D41CF7D417CA}.LocalUnitTesting|Any CPU.Build.0 = Release|Any CPU
		{6380DA9C-4477-4877-840D-D41CF7D417CA}.LocalUnitTesting|ARM.ActiveCfg = Release|Any CPU
		{6380DA9C-4477-4877-840D-D41CF7D417CA}.LocalUnitTesting|ARM.Build.0 = Release|Any CPU
		{6380DA9C-4477-4877-840D-D41CF7D417CA}.LocalUnitTesting|iPhone.ActiveCfg = Release|Any CPU
		{6380DA9C-4477-4877-840D-D41CF7D417CA}.LocalUnitTesting|iPhone.Build.0 = Release|Any CPU
		{6380DA9C-4477-4877-840D-D41CF7D417CA}.LocalUnitTesting|iPhoneSimulator.ActiveCfg = Release|Any CPU
		{6380DA9C-4477-4877-840D-D41CF7D417CA}.LocalUnitTesting|iPhoneSimulator.Build.0 = Release|Any CPU
		{6380DA9C-4477-4877-840D-D41CF7D417CA}.LocalUnitTesting|Mixed Platforms.ActiveCfg = Release|Any CPU
		{6380DA9C-4477-4877-840D-D41CF7D417CA}.LocalUnitTesting|Mixed Platforms.Build.0 = Release|Any CPU
		{6380DA9C-4477-4877-840D-D41CF7D417CA}.LocalUnitTesting|x86.ActiveCfg = Release|Any CPU
		{6380DA9C-4477-4877-840D-D41CF7D417CA}.LocalUnitTesting|x86.Build.0 = Release|Any CPU
		{6380DA9C-4477-4877-840D-D41CF7D417CA}.Release|Any CPU.ActiveCfg = Release|Any CPU
		{6380DA9C-4477-4877-840D-D41CF7D417CA}.Release|ARM.ActiveCfg = Release|Any CPU
		{6380DA9C-4477-4877-840D-D41CF7D417CA}.Release|ARM.Build.0 = Release|Any CPU
		{6380DA9C-4477-4877-840D-D41CF7D417CA}.Release|iPhone.ActiveCfg = Release|Any CPU
		{6380DA9C-4477-4877-840D-D41CF7D417CA}.Release|iPhone.Build.0 = Release|Any CPU
		{6380DA9C-4477-4877-840D-D41CF7D417CA}.Release|iPhoneSimulator.ActiveCfg = Release|Any CPU
		{6380DA9C-4477-4877-840D-D41CF7D417CA}.Release|iPhoneSimulator.Build.0 = Release|Any CPU
		{6380DA9C-4477-4877-840D-D41CF7D417CA}.Release|Mixed Platforms.ActiveCfg = Release|Any CPU
		{6380DA9C-4477-4877-840D-D41CF7D417CA}.Release|Mixed Platforms.Build.0 = Release|Any CPU
		{6380DA9C-4477-4877-840D-D41CF7D417CA}.Release|x86.ActiveCfg = Release|Any CPU
		{6380DA9C-4477-4877-840D-D41CF7D417CA}.Release|x86.Build.0 = Release|Any CPU
		{6380DA9C-4477-4877-840D-D41CF7D417CA}.XamarinTestCloud|Any CPU.ActiveCfg = Release|Any CPU
		{6380DA9C-4477-4877-840D-D41CF7D417CA}.XamarinTestCloud|Any CPU.Build.0 = Release|Any CPU
		{6380DA9C-4477-4877-840D-D41CF7D417CA}.XamarinTestCloud|ARM.ActiveCfg = Release|Any CPU
		{6380DA9C-4477-4877-840D-D41CF7D417CA}.XamarinTestCloud|ARM.Build.0 = Release|Any CPU
		{6380DA9C-4477-4877-840D-D41CF7D417CA}.XamarinTestCloud|iPhone.ActiveCfg = Release|Any CPU
		{6380DA9C-4477-4877-840D-D41CF7D417CA}.XamarinTestCloud|iPhone.Build.0 = Release|Any CPU
		{6380DA9C-4477-4877-840D-D41CF7D417CA}.XamarinTestCloud|iPhoneSimulator.ActiveCfg = Release|Any CPU
		{6380DA9C-4477-4877-840D-D41CF7D417CA}.XamarinTestCloud|iPhoneSimulator.Build.0 = Release|Any CPU
		{6380DA9C-4477-4877-840D-D41CF7D417CA}.XamarinTestCloud|Mixed Platforms.ActiveCfg = Release|Any CPU
		{6380DA9C-4477-4877-840D-D41CF7D417CA}.XamarinTestCloud|Mixed Platforms.Build.0 = Release|Any CPU
		{6380DA9C-4477-4877-840D-D41CF7D417CA}.XamarinTestCloud|x86.ActiveCfg = Release|Any CPU
		{6380DA9C-4477-4877-840D-D41CF7D417CA}.XamarinTestCloud|x86.Build.0 = Release|Any CPU
		{AD7B78B0-AE51-4FB7-9B11-4E22A2B538CA}.Ad-Hoc|Any CPU.ActiveCfg = Release|Any CPU
		{AD7B78B0-AE51-4FB7-9B11-4E22A2B538CA}.Ad-Hoc|Any CPU.Build.0 = Release|Any CPU
		{AD7B78B0-AE51-4FB7-9B11-4E22A2B538CA}.Ad-Hoc|Any CPU.Deploy.0 = Release|Any CPU
		{AD7B78B0-AE51-4FB7-9B11-4E22A2B538CA}.Ad-Hoc|ARM.ActiveCfg = Release|Any CPU
		{AD7B78B0-AE51-4FB7-9B11-4E22A2B538CA}.Ad-Hoc|ARM.Build.0 = Release|Any CPU
		{AD7B78B0-AE51-4FB7-9B11-4E22A2B538CA}.Ad-Hoc|ARM.Deploy.0 = Release|Any CPU
		{AD7B78B0-AE51-4FB7-9B11-4E22A2B538CA}.Ad-Hoc|iPhone.ActiveCfg = Release|Any CPU
		{AD7B78B0-AE51-4FB7-9B11-4E22A2B538CA}.Ad-Hoc|iPhone.Deploy.0 = Release|Any CPU
		{AD7B78B0-AE51-4FB7-9B11-4E22A2B538CA}.Ad-Hoc|iPhoneSimulator.ActiveCfg = Release|Any CPU
		{AD7B78B0-AE51-4FB7-9B11-4E22A2B538CA}.Ad-Hoc|iPhoneSimulator.Deploy.0 = Release|Any CPU
		{AD7B78B0-AE51-4FB7-9B11-4E22A2B538CA}.Ad-Hoc|Mixed Platforms.ActiveCfg = Release|Any CPU
		{AD7B78B0-AE51-4FB7-9B11-4E22A2B538CA}.Ad-Hoc|Mixed Platforms.Build.0 = Release|Any CPU
		{AD7B78B0-AE51-4FB7-9B11-4E22A2B538CA}.Ad-Hoc|Mixed Platforms.Deploy.0 = Release|Any CPU
		{AD7B78B0-AE51-4FB7-9B11-4E22A2B538CA}.Ad-Hoc|x86.ActiveCfg = Release|Any CPU
		{AD7B78B0-AE51-4FB7-9B11-4E22A2B538CA}.Ad-Hoc|x86.Build.0 = Release|Any CPU
		{AD7B78B0-AE51-4FB7-9B11-4E22A2B538CA}.Ad-Hoc|x86.Deploy.0 = Release|Any CPU
		{AD7B78B0-AE51-4FB7-9B11-4E22A2B538CA}.AppStore|Any CPU.ActiveCfg = Release|Any CPU
		{AD7B78B0-AE51-4FB7-9B11-4E22A2B538CA}.AppStore|Any CPU.Build.0 = Release|Any CPU
		{AD7B78B0-AE51-4FB7-9B11-4E22A2B538CA}.AppStore|Any CPU.Deploy.0 = Release|Any CPU
		{AD7B78B0-AE51-4FB7-9B11-4E22A2B538CA}.AppStore|ARM.ActiveCfg = Release|Any CPU
		{AD7B78B0-AE51-4FB7-9B11-4E22A2B538CA}.AppStore|ARM.Build.0 = Release|Any CPU
		{AD7B78B0-AE51-4FB7-9B11-4E22A2B538CA}.AppStore|ARM.Deploy.0 = Release|Any CPU
		{AD7B78B0-AE51-4FB7-9B11-4E22A2B538CA}.AppStore|iPhone.ActiveCfg = Release|Any CPU
		{AD7B78B0-AE51-4FB7-9B11-4E22A2B538CA}.AppStore|iPhone.Build.0 = Release|Any CPU
		{AD7B78B0-AE51-4FB7-9B11-4E22A2B538CA}.AppStore|iPhone.Deploy.0 = Release|Any CPU
		{AD7B78B0-AE51-4FB7-9B11-4E22A2B538CA}.AppStore|iPhoneSimulator.ActiveCfg = Release|Any CPU
		{AD7B78B0-AE51-4FB7-9B11-4E22A2B538CA}.AppStore|iPhoneSimulator.Build.0 = Release|Any CPU
		{AD7B78B0-AE51-4FB7-9B11-4E22A2B538CA}.AppStore|iPhoneSimulator.Deploy.0 = Release|Any CPU
		{AD7B78B0-AE51-4FB7-9B11-4E22A2B538CA}.AppStore|Mixed Platforms.ActiveCfg = Release|Any CPU
		{AD7B78B0-AE51-4FB7-9B11-4E22A2B538CA}.AppStore|Mixed Platforms.Build.0 = Release|Any CPU
		{AD7B78B0-AE51-4FB7-9B11-4E22A2B538CA}.AppStore|Mixed Platforms.Deploy.0 = Release|Any CPU
		{AD7B78B0-AE51-4FB7-9B11-4E22A2B538CA}.AppStore|x86.ActiveCfg = Release|Any CPU
		{AD7B78B0-AE51-4FB7-9B11-4E22A2B538CA}.AppStore|x86.Build.0 = Release|Any CPU
		{AD7B78B0-AE51-4FB7-9B11-4E22A2B538CA}.AppStore|x86.Deploy.0 = Release|Any CPU
		{AD7B78B0-AE51-4FB7-9B11-4E22A2B538CA}.Debug|Any CPU.ActiveCfg = Debug|Any CPU
		{AD7B78B0-AE51-4FB7-9B11-4E22A2B538CA}.Debug|Any CPU.Build.0 = Debug|Any CPU
		{AD7B78B0-AE51-4FB7-9B11-4E22A2B538CA}.Debug|Any CPU.Deploy.0 = Debug|Any CPU
		{AD7B78B0-AE51-4FB7-9B11-4E22A2B538CA}.Debug|ARM.ActiveCfg = Debug|Any CPU
		{AD7B78B0-AE51-4FB7-9B11-4E22A2B538CA}.Debug|ARM.Build.0 = Debug|Any CPU
		{AD7B78B0-AE51-4FB7-9B11-4E22A2B538CA}.Debug|ARM.Deploy.0 = Debug|Any CPU
		{AD7B78B0-AE51-4FB7-9B11-4E22A2B538CA}.Debug|iPhone.ActiveCfg = Debug|Any CPU
		{AD7B78B0-AE51-4FB7-9B11-4E22A2B538CA}.Debug|iPhone.Deploy.0 = Debug|Any CPU
		{AD7B78B0-AE51-4FB7-9B11-4E22A2B538CA}.Debug|iPhoneSimulator.ActiveCfg = Debug|Any CPU
		{AD7B78B0-AE51-4FB7-9B11-4E22A2B538CA}.Debug|iPhoneSimulator.Deploy.0 = Debug|Any CPU
		{AD7B78B0-AE51-4FB7-9B11-4E22A2B538CA}.Debug|Mixed Platforms.ActiveCfg = Debug|Any CPU
		{AD7B78B0-AE51-4FB7-9B11-4E22A2B538CA}.Debug|Mixed Platforms.Build.0 = Debug|Any CPU
		{AD7B78B0-AE51-4FB7-9B11-4E22A2B538CA}.Debug|Mixed Platforms.Deploy.0 = Debug|Any CPU
		{AD7B78B0-AE51-4FB7-9B11-4E22A2B538CA}.Debug|x86.ActiveCfg = Debug|Any CPU
		{AD7B78B0-AE51-4FB7-9B11-4E22A2B538CA}.Debug|x86.Build.0 = Debug|Any CPU
		{AD7B78B0-AE51-4FB7-9B11-4E22A2B538CA}.Debug|x86.Deploy.0 = Debug|Any CPU
		{AD7B78B0-AE51-4FB7-9B11-4E22A2B538CA}.LocalUnitTesting|Any CPU.ActiveCfg = Release|Any CPU
		{AD7B78B0-AE51-4FB7-9B11-4E22A2B538CA}.LocalUnitTesting|Any CPU.Build.0 = Release|Any CPU
		{AD7B78B0-AE51-4FB7-9B11-4E22A2B538CA}.LocalUnitTesting|Any CPU.Deploy.0 = Release|Any CPU
		{AD7B78B0-AE51-4FB7-9B11-4E22A2B538CA}.LocalUnitTesting|ARM.ActiveCfg = Release|Any CPU
		{AD7B78B0-AE51-4FB7-9B11-4E22A2B538CA}.LocalUnitTesting|ARM.Build.0 = Release|Any CPU
		{AD7B78B0-AE51-4FB7-9B11-4E22A2B538CA}.LocalUnitTesting|ARM.Deploy.0 = Release|Any CPU
		{AD7B78B0-AE51-4FB7-9B11-4E22A2B538CA}.LocalUnitTesting|iPhone.ActiveCfg = Release|Any CPU
		{AD7B78B0-AE51-4FB7-9B11-4E22A2B538CA}.LocalUnitTesting|iPhone.Build.0 = Release|Any CPU
		{AD7B78B0-AE51-4FB7-9B11-4E22A2B538CA}.LocalUnitTesting|iPhone.Deploy.0 = Release|Any CPU
		{AD7B78B0-AE51-4FB7-9B11-4E22A2B538CA}.LocalUnitTesting|iPhoneSimulator.ActiveCfg = Release|Any CPU
		{AD7B78B0-AE51-4FB7-9B11-4E22A2B538CA}.LocalUnitTesting|iPhoneSimulator.Build.0 = Release|Any CPU
		{AD7B78B0-AE51-4FB7-9B11-4E22A2B538CA}.LocalUnitTesting|iPhoneSimulator.Deploy.0 = Release|Any CPU
		{AD7B78B0-AE51-4FB7-9B11-4E22A2B538CA}.LocalUnitTesting|Mixed Platforms.ActiveCfg = Release|Any CPU
		{AD7B78B0-AE51-4FB7-9B11-4E22A2B538CA}.LocalUnitTesting|Mixed Platforms.Build.0 = Release|Any CPU
		{AD7B78B0-AE51-4FB7-9B11-4E22A2B538CA}.LocalUnitTesting|Mixed Platforms.Deploy.0 = Release|Any CPU
		{AD7B78B0-AE51-4FB7-9B11-4E22A2B538CA}.LocalUnitTesting|x86.ActiveCfg = Release|Any CPU
		{AD7B78B0-AE51-4FB7-9B11-4E22A2B538CA}.LocalUnitTesting|x86.Build.0 = Release|Any CPU
		{AD7B78B0-AE51-4FB7-9B11-4E22A2B538CA}.LocalUnitTesting|x86.Deploy.0 = Release|Any CPU
		{AD7B78B0-AE51-4FB7-9B11-4E22A2B538CA}.Release|Any CPU.ActiveCfg = Release|Any CPU
		{AD7B78B0-AE51-4FB7-9B11-4E22A2B538CA}.Release|Any CPU.Build.0 = Release|Any CPU
		{AD7B78B0-AE51-4FB7-9B11-4E22A2B538CA}.Release|Any CPU.Deploy.0 = Release|Any CPU
		{AD7B78B0-AE51-4FB7-9B11-4E22A2B538CA}.Release|ARM.ActiveCfg = Release|Any CPU
		{AD7B78B0-AE51-4FB7-9B11-4E22A2B538CA}.Release|ARM.Build.0 = Release|Any CPU
		{AD7B78B0-AE51-4FB7-9B11-4E22A2B538CA}.Release|ARM.Deploy.0 = Release|Any CPU
		{AD7B78B0-AE51-4FB7-9B11-4E22A2B538CA}.Release|iPhone.ActiveCfg = Release|Any CPU
		{AD7B78B0-AE51-4FB7-9B11-4E22A2B538CA}.Release|iPhone.Deploy.0 = Release|Any CPU
		{AD7B78B0-AE51-4FB7-9B11-4E22A2B538CA}.Release|iPhoneSimulator.ActiveCfg = Release|Any CPU
		{AD7B78B0-AE51-4FB7-9B11-4E22A2B538CA}.Release|iPhoneSimulator.Deploy.0 = Release|Any CPU
		{AD7B78B0-AE51-4FB7-9B11-4E22A2B538CA}.Release|Mixed Platforms.ActiveCfg = Release|Any CPU
		{AD7B78B0-AE51-4FB7-9B11-4E22A2B538CA}.Release|Mixed Platforms.Build.0 = Release|Any CPU
		{AD7B78B0-AE51-4FB7-9B11-4E22A2B538CA}.Release|Mixed Platforms.Deploy.0 = Release|Any CPU
		{AD7B78B0-AE51-4FB7-9B11-4E22A2B538CA}.Release|x86.ActiveCfg = Release|Any CPU
		{AD7B78B0-AE51-4FB7-9B11-4E22A2B538CA}.Release|x86.Build.0 = Release|Any CPU
		{AD7B78B0-AE51-4FB7-9B11-4E22A2B538CA}.Release|x86.Deploy.0 = Release|Any CPU
		{AD7B78B0-AE51-4FB7-9B11-4E22A2B538CA}.XamarinTestCloud|Any CPU.ActiveCfg = Release|Any CPU
		{AD7B78B0-AE51-4FB7-9B11-4E22A2B538CA}.XamarinTestCloud|Any CPU.Build.0 = Release|Any CPU
		{AD7B78B0-AE51-4FB7-9B11-4E22A2B538CA}.XamarinTestCloud|Any CPU.Deploy.0 = Release|Any CPU
		{AD7B78B0-AE51-4FB7-9B11-4E22A2B538CA}.XamarinTestCloud|ARM.ActiveCfg = Release|Any CPU
		{AD7B78B0-AE51-4FB7-9B11-4E22A2B538CA}.XamarinTestCloud|ARM.Build.0 = Release|Any CPU
		{AD7B78B0-AE51-4FB7-9B11-4E22A2B538CA}.XamarinTestCloud|ARM.Deploy.0 = Release|Any CPU
		{AD7B78B0-AE51-4FB7-9B11-4E22A2B538CA}.XamarinTestCloud|iPhone.ActiveCfg = Release|Any CPU
		{AD7B78B0-AE51-4FB7-9B11-4E22A2B538CA}.XamarinTestCloud|iPhone.Build.0 = Release|Any CPU
		{AD7B78B0-AE51-4FB7-9B11-4E22A2B538CA}.XamarinTestCloud|iPhone.Deploy.0 = Release|Any CPU
		{AD7B78B0-AE51-4FB7-9B11-4E22A2B538CA}.XamarinTestCloud|iPhoneSimulator.ActiveCfg = Release|Any CPU
		{AD7B78B0-AE51-4FB7-9B11-4E22A2B538CA}.XamarinTestCloud|iPhoneSimulator.Build.0 = Release|Any CPU
		{AD7B78B0-AE51-4FB7-9B11-4E22A2B538CA}.XamarinTestCloud|iPhoneSimulator.Deploy.0 = Release|Any CPU
		{AD7B78B0-AE51-4FB7-9B11-4E22A2B538CA}.XamarinTestCloud|Mixed Platforms.ActiveCfg = Release|Any CPU
		{AD7B78B0-AE51-4FB7-9B11-4E22A2B538CA}.XamarinTestCloud|Mixed Platforms.Build.0 = Release|Any CPU
		{AD7B78B0-AE51-4FB7-9B11-4E22A2B538CA}.XamarinTestCloud|Mixed Platforms.Deploy.0 = Release|Any CPU
		{AD7B78B0-AE51-4FB7-9B11-4E22A2B538CA}.XamarinTestCloud|x86.ActiveCfg = Release|Any CPU
		{AD7B78B0-AE51-4FB7-9B11-4E22A2B538CA}.XamarinTestCloud|x86.Build.0 = Release|Any CPU
		{AD7B78B0-AE51-4FB7-9B11-4E22A2B538CA}.XamarinTestCloud|x86.Deploy.0 = Release|Any CPU
		{D2CED8F0-7A76-454D-B5F7-9E8B9FE6A58E}.Ad-Hoc|Any CPU.ActiveCfg = Ad-Hoc|iPhone
		{D2CED8F0-7A76-454D-B5F7-9E8B9FE6A58E}.Ad-Hoc|ARM.ActiveCfg = Ad-Hoc|iPhone
		{D2CED8F0-7A76-454D-B5F7-9E8B9FE6A58E}.Ad-Hoc|iPhone.ActiveCfg = Ad-Hoc|iPhone
		{D2CED8F0-7A76-454D-B5F7-9E8B9FE6A58E}.Ad-Hoc|iPhone.Build.0 = Ad-Hoc|iPhone
		{D2CED8F0-7A76-454D-B5F7-9E8B9FE6A58E}.Ad-Hoc|iPhoneSimulator.ActiveCfg = Ad-Hoc|iPhone
		{D2CED8F0-7A76-454D-B5F7-9E8B9FE6A58E}.Ad-Hoc|iPhoneSimulator.Build.0 = Ad-Hoc|iPhone
		{D2CED8F0-7A76-454D-B5F7-9E8B9FE6A58E}.Ad-Hoc|Mixed Platforms.ActiveCfg = Ad-Hoc|iPhone
		{D2CED8F0-7A76-454D-B5F7-9E8B9FE6A58E}.Ad-Hoc|Mixed Platforms.Build.0 = Ad-Hoc|iPhone
		{D2CED8F0-7A76-454D-B5F7-9E8B9FE6A58E}.Ad-Hoc|x86.ActiveCfg = Ad-Hoc|iPhone
		{D2CED8F0-7A76-454D-B5F7-9E8B9FE6A58E}.AppStore|Any CPU.ActiveCfg = AppStore|iPhone
		{D2CED8F0-7A76-454D-B5F7-9E8B9FE6A58E}.AppStore|ARM.ActiveCfg = AppStore|iPhone
		{D2CED8F0-7A76-454D-B5F7-9E8B9FE6A58E}.AppStore|iPhone.ActiveCfg = AppStore|iPhone
		{D2CED8F0-7A76-454D-B5F7-9E8B9FE6A58E}.AppStore|iPhone.Build.0 = AppStore|iPhone
		{D2CED8F0-7A76-454D-B5F7-9E8B9FE6A58E}.AppStore|iPhoneSimulator.ActiveCfg = AppStore|iPhoneSimulator
		{D2CED8F0-7A76-454D-B5F7-9E8B9FE6A58E}.AppStore|iPhoneSimulator.Build.0 = AppStore|iPhoneSimulator
		{D2CED8F0-7A76-454D-B5F7-9E8B9FE6A58E}.AppStore|Mixed Platforms.ActiveCfg = AppStore|iPhone
		{D2CED8F0-7A76-454D-B5F7-9E8B9FE6A58E}.AppStore|Mixed Platforms.Build.0 = AppStore|iPhone
		{D2CED8F0-7A76-454D-B5F7-9E8B9FE6A58E}.AppStore|x86.ActiveCfg = AppStore|iPhone
		{D2CED8F0-7A76-454D-B5F7-9E8B9FE6A58E}.Debug|Any CPU.ActiveCfg = Debug|iPhone
		{D2CED8F0-7A76-454D-B5F7-9E8B9FE6A58E}.Debug|ARM.ActiveCfg = Debug|iPhone
		{D2CED8F0-7A76-454D-B5F7-9E8B9FE6A58E}.Debug|iPhone.ActiveCfg = Debug|iPhone
		{D2CED8F0-7A76-454D-B5F7-9E8B9FE6A58E}.Debug|iPhone.Build.0 = Debug|iPhone
		{D2CED8F0-7A76-454D-B5F7-9E8B9FE6A58E}.Debug|iPhoneSimulator.ActiveCfg = Debug|iPhoneSimulator
		{D2CED8F0-7A76-454D-B5F7-9E8B9FE6A58E}.Debug|iPhoneSimulator.Build.0 = Debug|iPhoneSimulator
		{D2CED8F0-7A76-454D-B5F7-9E8B9FE6A58E}.Debug|Mixed Platforms.ActiveCfg = Debug|iPhone
		{D2CED8F0-7A76-454D-B5F7-9E8B9FE6A58E}.Debug|Mixed Platforms.Build.0 = Debug|iPhone
		{D2CED8F0-7A76-454D-B5F7-9E8B9FE6A58E}.Debug|x86.ActiveCfg = Debug|iPhone
		{D2CED8F0-7A76-454D-B5F7-9E8B9FE6A58E}.LocalUnitTesting|Any CPU.ActiveCfg = AppStore|iPhone
		{D2CED8F0-7A76-454D-B5F7-9E8B9FE6A58E}.LocalUnitTesting|Any CPU.Build.0 = AppStore|iPhone
		{D2CED8F0-7A76-454D-B5F7-9E8B9FE6A58E}.LocalUnitTesting|ARM.ActiveCfg = AppStore|iPhone
		{D2CED8F0-7A76-454D-B5F7-9E8B9FE6A58E}.LocalUnitTesting|ARM.Build.0 = AppStore|iPhone
		{D2CED8F0-7A76-454D-B5F7-9E8B9FE6A58E}.LocalUnitTesting|iPhone.ActiveCfg = AppStore|iPhone
		{D2CED8F0-7A76-454D-B5F7-9E8B9FE6A58E}.LocalUnitTesting|iPhone.Build.0 = AppStore|iPhone
		{D2CED8F0-7A76-454D-B5F7-9E8B9FE6A58E}.LocalUnitTesting|iPhoneSimulator.ActiveCfg = AppStore|iPhoneSimulator
		{D2CED8F0-7A76-454D-B5F7-9E8B9FE6A58E}.LocalUnitTesting|iPhoneSimulator.Build.0 = AppStore|iPhoneSimulator
		{D2CED8F0-7A76-454D-B5F7-9E8B9FE6A58E}.LocalUnitTesting|Mixed Platforms.ActiveCfg = AppStore|iPhone
		{D2CED8F0-7A76-454D-B5F7-9E8B9FE6A58E}.LocalUnitTesting|Mixed Platforms.Build.0 = AppStore|iPhone
		{D2CED8F0-7A76-454D-B5F7-9E8B9FE6A58E}.LocalUnitTesting|x86.ActiveCfg = AppStore|iPhone
		{D2CED8F0-7A76-454D-B5F7-9E8B9FE6A58E}.LocalUnitTesting|x86.Build.0 = AppStore|iPhone
		{D2CED8F0-7A76-454D-B5F7-9E8B9FE6A58E}.Release|Any CPU.ActiveCfg = Release|iPhone
		{D2CED8F0-7A76-454D-B5F7-9E8B9FE6A58E}.Release|ARM.ActiveCfg = Release|iPhone
		{D2CED8F0-7A76-454D-B5F7-9E8B9FE6A58E}.Release|iPhone.ActiveCfg = Release|iPhone
		{D2CED8F0-7A76-454D-B5F7-9E8B9FE6A58E}.Release|iPhone.Build.0 = Release|iPhone
		{D2CED8F0-7A76-454D-B5F7-9E8B9FE6A58E}.Release|iPhoneSimulator.ActiveCfg = Release|iPhoneSimulator
		{D2CED8F0-7A76-454D-B5F7-9E8B9FE6A58E}.Release|iPhoneSimulator.Build.0 = Release|iPhoneSimulator
		{D2CED8F0-7A76-454D-B5F7-9E8B9FE6A58E}.Release|Mixed Platforms.ActiveCfg = Release|iPhone
		{D2CED8F0-7A76-454D-B5F7-9E8B9FE6A58E}.Release|Mixed Platforms.Build.0 = Release|iPhone
		{D2CED8F0-7A76-454D-B5F7-9E8B9FE6A58E}.Release|x86.ActiveCfg = Release|iPhone
		{D2CED8F0-7A76-454D-B5F7-9E8B9FE6A58E}.XamarinTestCloud|Any CPU.ActiveCfg = AppStore|iPhone
		{D2CED8F0-7A76-454D-B5F7-9E8B9FE6A58E}.XamarinTestCloud|Any CPU.Build.0 = AppStore|iPhone
		{D2CED8F0-7A76-454D-B5F7-9E8B9FE6A58E}.XamarinTestCloud|ARM.ActiveCfg = AppStore|iPhone
		{D2CED8F0-7A76-454D-B5F7-9E8B9FE6A58E}.XamarinTestCloud|ARM.Build.0 = AppStore|iPhone
		{D2CED8F0-7A76-454D-B5F7-9E8B9FE6A58E}.XamarinTestCloud|iPhone.ActiveCfg = AppStore|iPhone
		{D2CED8F0-7A76-454D-B5F7-9E8B9FE6A58E}.XamarinTestCloud|iPhone.Build.0 = AppStore|iPhone
		{D2CED8F0-7A76-454D-B5F7-9E8B9FE6A58E}.XamarinTestCloud|iPhoneSimulator.ActiveCfg = AppStore|iPhoneSimulator
		{D2CED8F0-7A76-454D-B5F7-9E8B9FE6A58E}.XamarinTestCloud|iPhoneSimulator.Build.0 = AppStore|iPhoneSimulator
		{D2CED8F0-7A76-454D-B5F7-9E8B9FE6A58E}.XamarinTestCloud|Mixed Platforms.ActiveCfg = AppStore|iPhone
		{D2CED8F0-7A76-454D-B5F7-9E8B9FE6A58E}.XamarinTestCloud|Mixed Platforms.Build.0 = AppStore|iPhone
		{D2CED8F0-7A76-454D-B5F7-9E8B9FE6A58E}.XamarinTestCloud|x86.ActiveCfg = AppStore|iPhone
		{D2CED8F0-7A76-454D-B5F7-9E8B9FE6A58E}.XamarinTestCloud|x86.Build.0 = AppStore|iPhone
		{306FDC42-BB95-4DFD-B867-654EA3F941E9}.Ad-Hoc|Any CPU.ActiveCfg = Release|Any CPU
		{306FDC42-BB95-4DFD-B867-654EA3F941E9}.Ad-Hoc|Any CPU.Build.0 = Release|Any CPU
		{306FDC42-BB95-4DFD-B867-654EA3F941E9}.Ad-Hoc|ARM.ActiveCfg = Release|Any CPU
		{306FDC42-BB95-4DFD-B867-654EA3F941E9}.Ad-Hoc|ARM.Build.0 = Release|Any CPU
		{306FDC42-BB95-4DFD-B867-654EA3F941E9}.Ad-Hoc|iPhone.ActiveCfg = Release|Any CPU
		{306FDC42-BB95-4DFD-B867-654EA3F941E9}.Ad-Hoc|iPhone.Build.0 = Release|Any CPU
		{306FDC42-BB95-4DFD-B867-654EA3F941E9}.Ad-Hoc|iPhoneSimulator.ActiveCfg = Release|Any CPU
		{306FDC42-BB95-4DFD-B867-654EA3F941E9}.Ad-Hoc|iPhoneSimulator.Build.0 = Release|Any CPU
		{306FDC42-BB95-4DFD-B867-654EA3F941E9}.Ad-Hoc|Mixed Platforms.ActiveCfg = Release|Any CPU
		{306FDC42-BB95-4DFD-B867-654EA3F941E9}.Ad-Hoc|Mixed Platforms.Build.0 = Release|Any CPU
		{306FDC42-BB95-4DFD-B867-654EA3F941E9}.Ad-Hoc|x86.ActiveCfg = Release|Any CPU
		{306FDC42-BB95-4DFD-B867-654EA3F941E9}.Ad-Hoc|x86.Build.0 = Release|Any CPU
		{306FDC42-BB95-4DFD-B867-654EA3F941E9}.AppStore|Any CPU.ActiveCfg = Release|Any CPU
		{306FDC42-BB95-4DFD-B867-654EA3F941E9}.AppStore|Any CPU.Build.0 = Release|Any CPU
		{306FDC42-BB95-4DFD-B867-654EA3F941E9}.AppStore|ARM.ActiveCfg = Release|Any CPU
		{306FDC42-BB95-4DFD-B867-654EA3F941E9}.AppStore|ARM.Build.0 = Release|Any CPU
		{306FDC42-BB95-4DFD-B867-654EA3F941E9}.AppStore|iPhone.ActiveCfg = Release|Any CPU
		{306FDC42-BB95-4DFD-B867-654EA3F941E9}.AppStore|iPhone.Build.0 = Release|Any CPU
		{306FDC42-BB95-4DFD-B867-654EA3F941E9}.AppStore|iPhoneSimulator.ActiveCfg = Release|Any CPU
		{306FDC42-BB95-4DFD-B867-654EA3F941E9}.AppStore|iPhoneSimulator.Build.0 = Release|Any CPU
		{306FDC42-BB95-4DFD-B867-654EA3F941E9}.AppStore|Mixed Platforms.ActiveCfg = Release|Any CPU
		{306FDC42-BB95-4DFD-B867-654EA3F941E9}.AppStore|Mixed Platforms.Build.0 = Release|Any CPU
		{306FDC42-BB95-4DFD-B867-654EA3F941E9}.AppStore|x86.ActiveCfg = Release|Any CPU
		{306FDC42-BB95-4DFD-B867-654EA3F941E9}.AppStore|x86.Build.0 = Release|Any CPU
		{306FDC42-BB95-4DFD-B867-654EA3F941E9}.Debug|Any CPU.ActiveCfg = Debug|Any CPU
		{306FDC42-BB95-4DFD-B867-654EA3F941E9}.Debug|Any CPU.Build.0 = Debug|Any CPU
		{306FDC42-BB95-4DFD-B867-654EA3F941E9}.Debug|ARM.ActiveCfg = Debug|Any CPU
		{306FDC42-BB95-4DFD-B867-654EA3F941E9}.Debug|ARM.Build.0 = Debug|Any CPU
		{306FDC42-BB95-4DFD-B867-654EA3F941E9}.Debug|iPhone.ActiveCfg = Debug|Any CPU
		{306FDC42-BB95-4DFD-B867-654EA3F941E9}.Debug|iPhone.Build.0 = Debug|Any CPU
		{306FDC42-BB95-4DFD-B867-654EA3F941E9}.Debug|iPhoneSimulator.ActiveCfg = Debug|Any CPU
		{306FDC42-BB95-4DFD-B867-654EA3F941E9}.Debug|iPhoneSimulator.Build.0 = Debug|Any CPU
		{306FDC42-BB95-4DFD-B867-654EA3F941E9}.Debug|Mixed Platforms.ActiveCfg = Debug|Any CPU
		{306FDC42-BB95-4DFD-B867-654EA3F941E9}.Debug|Mixed Platforms.Build.0 = Debug|Any CPU
		{306FDC42-BB95-4DFD-B867-654EA3F941E9}.Debug|x86.ActiveCfg = Debug|Any CPU
		{306FDC42-BB95-4DFD-B867-654EA3F941E9}.Debug|x86.Build.0 = Debug|Any CPU
		{306FDC42-BB95-4DFD-B867-654EA3F941E9}.LocalUnitTesting|Any CPU.ActiveCfg = Release|Any CPU
		{306FDC42-BB95-4DFD-B867-654EA3F941E9}.LocalUnitTesting|Any CPU.Build.0 = Release|Any CPU
		{306FDC42-BB95-4DFD-B867-654EA3F941E9}.LocalUnitTesting|ARM.ActiveCfg = Release|Any CPU
		{306FDC42-BB95-4DFD-B867-654EA3F941E9}.LocalUnitTesting|ARM.Build.0 = Release|Any CPU
		{306FDC42-BB95-4DFD-B867-654EA3F941E9}.LocalUnitTesting|iPhone.ActiveCfg = Release|Any CPU
		{306FDC42-BB95-4DFD-B867-654EA3F941E9}.LocalUnitTesting|iPhone.Build.0 = Release|Any CPU
		{306FDC42-BB95-4DFD-B867-654EA3F941E9}.LocalUnitTesting|iPhoneSimulator.ActiveCfg = Release|Any CPU
		{306FDC42-BB95-4DFD-B867-654EA3F941E9}.LocalUnitTesting|iPhoneSimulator.Build.0 = Release|Any CPU
		{306FDC42-BB95-4DFD-B867-654EA3F941E9}.LocalUnitTesting|Mixed Platforms.ActiveCfg = Release|Any CPU
		{306FDC42-BB95-4DFD-B867-654EA3F941E9}.LocalUnitTesting|Mixed Platforms.Build.0 = Release|Any CPU
		{306FDC42-BB95-4DFD-B867-654EA3F941E9}.LocalUnitTesting|x86.ActiveCfg = Release|Any CPU
		{306FDC42-BB95-4DFD-B867-654EA3F941E9}.LocalUnitTesting|x86.Build.0 = Release|Any CPU
		{306FDC42-BB95-4DFD-B867-654EA3F941E9}.Release|Any CPU.ActiveCfg = Release|Any CPU
		{306FDC42-BB95-4DFD-B867-654EA3F941E9}.Release|Any CPU.Build.0 = Release|Any CPU
		{306FDC42-BB95-4DFD-B867-654EA3F941E9}.Release|ARM.ActiveCfg = Release|Any CPU
		{306FDC42-BB95-4DFD-B867-654EA3F941E9}.Release|ARM.Build.0 = Release|Any CPU
		{306FDC42-BB95-4DFD-B867-654EA3F941E9}.Release|iPhone.ActiveCfg = Release|Any CPU
		{306FDC42-BB95-4DFD-B867-654EA3F941E9}.Release|iPhone.Build.0 = Release|Any CPU
		{306FDC42-BB95-4DFD-B867-654EA3F941E9}.Release|iPhoneSimulator.ActiveCfg = Release|Any CPU
		{306FDC42-BB95-4DFD-B867-654EA3F941E9}.Release|iPhoneSimulator.Build.0 = Release|Any CPU
		{306FDC42-BB95-4DFD-B867-654EA3F941E9}.Release|Mixed Platforms.ActiveCfg = Release|Any CPU
		{306FDC42-BB95-4DFD-B867-654EA3F941E9}.Release|Mixed Platforms.Build.0 = Release|Any CPU
		{306FDC42-BB95-4DFD-B867-654EA3F941E9}.Release|x86.ActiveCfg = Release|Any CPU
		{306FDC42-BB95-4DFD-B867-654EA3F941E9}.Release|x86.Build.0 = Release|Any CPU
		{306FDC42-BB95-4DFD-B867-654EA3F941E9}.XamarinTestCloud|Any CPU.ActiveCfg = Release|Any CPU
		{306FDC42-BB95-4DFD-B867-654EA3F941E9}.XamarinTestCloud|Any CPU.Build.0 = Release|Any CPU
		{306FDC42-BB95-4DFD-B867-654EA3F941E9}.XamarinTestCloud|ARM.ActiveCfg = Release|Any CPU
		{306FDC42-BB95-4DFD-B867-654EA3F941E9}.XamarinTestCloud|ARM.Build.0 = Release|Any CPU
		{306FDC42-BB95-4DFD-B867-654EA3F941E9}.XamarinTestCloud|iPhone.ActiveCfg = Release|Any CPU
		{306FDC42-BB95-4DFD-B867-654EA3F941E9}.XamarinTestCloud|iPhone.Build.0 = Release|Any CPU
		{306FDC42-BB95-4DFD-B867-654EA3F941E9}.XamarinTestCloud|iPhoneSimulator.ActiveCfg = Release|Any CPU
		{306FDC42-BB95-4DFD-B867-654EA3F941E9}.XamarinTestCloud|iPhoneSimulator.Build.0 = Release|Any CPU
		{306FDC42-BB95-4DFD-B867-654EA3F941E9}.XamarinTestCloud|Mixed Platforms.ActiveCfg = Release|Any CPU
		{306FDC42-BB95-4DFD-B867-654EA3F941E9}.XamarinTestCloud|Mixed Platforms.Build.0 = Release|Any CPU
		{306FDC42-BB95-4DFD-B867-654EA3F941E9}.XamarinTestCloud|x86.ActiveCfg = Release|Any CPU
		{306FDC42-BB95-4DFD-B867-654EA3F941E9}.XamarinTestCloud|x86.Build.0 = Release|Any CPU
		{C26C649E-F32A-4B1E-93ED-89BDA3784D10}.Ad-Hoc|Any CPU.ActiveCfg = Release|Any CPU
		{C26C649E-F32A-4B1E-93ED-89BDA3784D10}.Ad-Hoc|Any CPU.Build.0 = Release|Any CPU
		{C26C649E-F32A-4B1E-93ED-89BDA3784D10}.Ad-Hoc|ARM.ActiveCfg = Release|Any CPU
		{C26C649E-F32A-4B1E-93ED-89BDA3784D10}.Ad-Hoc|ARM.Build.0 = Release|Any CPU
		{C26C649E-F32A-4B1E-93ED-89BDA3784D10}.Ad-Hoc|iPhone.ActiveCfg = Release|Any CPU
		{C26C649E-F32A-4B1E-93ED-89BDA3784D10}.Ad-Hoc|iPhone.Build.0 = Release|Any CPU
		{C26C649E-F32A-4B1E-93ED-89BDA3784D10}.Ad-Hoc|iPhoneSimulator.ActiveCfg = Release|Any CPU
		{C26C649E-F32A-4B1E-93ED-89BDA3784D10}.Ad-Hoc|iPhoneSimulator.Build.0 = Release|Any CPU
		{C26C649E-F32A-4B1E-93ED-89BDA3784D10}.Ad-Hoc|Mixed Platforms.ActiveCfg = Release|Any CPU
		{C26C649E-F32A-4B1E-93ED-89BDA3784D10}.Ad-Hoc|Mixed Platforms.Build.0 = Release|Any CPU
		{C26C649E-F32A-4B1E-93ED-89BDA3784D10}.Ad-Hoc|x86.ActiveCfg = Release|Any CPU
		{C26C649E-F32A-4B1E-93ED-89BDA3784D10}.Ad-Hoc|x86.Build.0 = Release|Any CPU
		{C26C649E-F32A-4B1E-93ED-89BDA3784D10}.AppStore|Any CPU.ActiveCfg = Release|Any CPU
		{C26C649E-F32A-4B1E-93ED-89BDA3784D10}.AppStore|Any CPU.Build.0 = Release|Any CPU
		{C26C649E-F32A-4B1E-93ED-89BDA3784D10}.AppStore|ARM.ActiveCfg = Release|Any CPU
		{C26C649E-F32A-4B1E-93ED-89BDA3784D10}.AppStore|ARM.Build.0 = Release|Any CPU
		{C26C649E-F32A-4B1E-93ED-89BDA3784D10}.AppStore|iPhone.ActiveCfg = Release|Any CPU
		{C26C649E-F32A-4B1E-93ED-89BDA3784D10}.AppStore|iPhone.Build.0 = Release|Any CPU
		{C26C649E-F32A-4B1E-93ED-89BDA3784D10}.AppStore|iPhoneSimulator.ActiveCfg = Release|Any CPU
		{C26C649E-F32A-4B1E-93ED-89BDA3784D10}.AppStore|iPhoneSimulator.Build.0 = Release|Any CPU
		{C26C649E-F32A-4B1E-93ED-89BDA3784D10}.AppStore|Mixed Platforms.ActiveCfg = Release|Any CPU
		{C26C649E-F32A-4B1E-93ED-89BDA3784D10}.AppStore|Mixed Platforms.Build.0 = Release|Any CPU
		{C26C649E-F32A-4B1E-93ED-89BDA3784D10}.AppStore|x86.ActiveCfg = Release|Any CPU
		{C26C649E-F32A-4B1E-93ED-89BDA3784D10}.AppStore|x86.Build.0 = Release|Any CPU
		{C26C649E-F32A-4B1E-93ED-89BDA3784D10}.Debug|Any CPU.ActiveCfg = Debug|Any CPU
		{C26C649E-F32A-4B1E-93ED-89BDA3784D10}.Debug|Any CPU.Build.0 = Debug|Any CPU
		{C26C649E-F32A-4B1E-93ED-89BDA3784D10}.Debug|ARM.ActiveCfg = Debug|Any CPU
		{C26C649E-F32A-4B1E-93ED-89BDA3784D10}.Debug|ARM.Build.0 = Debug|Any CPU
		{C26C649E-F32A-4B1E-93ED-89BDA3784D10}.Debug|iPhone.ActiveCfg = Debug|Any CPU
		{C26C649E-F32A-4B1E-93ED-89BDA3784D10}.Debug|iPhone.Build.0 = Debug|Any CPU
		{C26C649E-F32A-4B1E-93ED-89BDA3784D10}.Debug|iPhoneSimulator.ActiveCfg = Debug|Any CPU
		{C26C649E-F32A-4B1E-93ED-89BDA3784D10}.Debug|iPhoneSimulator.Build.0 = Debug|Any CPU
		{C26C649E-F32A-4B1E-93ED-89BDA3784D10}.Debug|Mixed Platforms.ActiveCfg = Debug|Any CPU
		{C26C649E-F32A-4B1E-93ED-89BDA3784D10}.Debug|Mixed Platforms.Build.0 = Debug|Any CPU
		{C26C649E-F32A-4B1E-93ED-89BDA3784D10}.Debug|x86.ActiveCfg = Debug|Any CPU
		{C26C649E-F32A-4B1E-93ED-89BDA3784D10}.Debug|x86.Build.0 = Debug|Any CPU
		{C26C649E-F32A-4B1E-93ED-89BDA3784D10}.LocalUnitTesting|Any CPU.ActiveCfg = Release|Any CPU
		{C26C649E-F32A-4B1E-93ED-89BDA3784D10}.LocalUnitTesting|Any CPU.Build.0 = Release|Any CPU
		{C26C649E-F32A-4B1E-93ED-89BDA3784D10}.LocalUnitTesting|ARM.ActiveCfg = Release|Any CPU
		{C26C649E-F32A-4B1E-93ED-89BDA3784D10}.LocalUnitTesting|ARM.Build.0 = Release|Any CPU
		{C26C649E-F32A-4B1E-93ED-89BDA3784D10}.LocalUnitTesting|iPhone.ActiveCfg = Release|Any CPU
		{C26C649E-F32A-4B1E-93ED-89BDA3784D10}.LocalUnitTesting|iPhone.Build.0 = Release|Any CPU
		{C26C649E-F32A-4B1E-93ED-89BDA3784D10}.LocalUnitTesting|iPhoneSimulator.ActiveCfg = Release|Any CPU
		{C26C649E-F32A-4B1E-93ED-89BDA3784D10}.LocalUnitTesting|iPhoneSimulator.Build.0 = Release|Any CPU
		{C26C649E-F32A-4B1E-93ED-89BDA3784D10}.LocalUnitTesting|Mixed Platforms.ActiveCfg = Release|Any CPU
		{C26C649E-F32A-4B1E-93ED-89BDA3784D10}.LocalUnitTesting|Mixed Platforms.Build.0 = Release|Any CPU
		{C26C649E-F32A-4B1E-93ED-89BDA3784D10}.LocalUnitTesting|x86.ActiveCfg = Release|Any CPU
		{C26C649E-F32A-4B1E-93ED-89BDA3784D10}.LocalUnitTesting|x86.Build.0 = Release|Any CPU
		{C26C649E-F32A-4B1E-93ED-89BDA3784D10}.Release|Any CPU.ActiveCfg = Release|Any CPU
		{C26C649E-F32A-4B1E-93ED-89BDA3784D10}.Release|Any CPU.Build.0 = Release|Any CPU
		{C26C649E-F32A-4B1E-93ED-89BDA3784D10}.Release|ARM.ActiveCfg = Release|Any CPU
		{C26C649E-F32A-4B1E-93ED-89BDA3784D10}.Release|ARM.Build.0 = Release|Any CPU
		{C26C649E-F32A-4B1E-93ED-89BDA3784D10}.Release|iPhone.ActiveCfg = Release|Any CPU
		{C26C649E-F32A-4B1E-93ED-89BDA3784D10}.Release|iPhone.Build.0 = Release|Any CPU
		{C26C649E-F32A-4B1E-93ED-89BDA3784D10}.Release|iPhoneSimulator.ActiveCfg = Release|Any CPU
		{C26C649E-F32A-4B1E-93ED-89BDA3784D10}.Release|iPhoneSimulator.Build.0 = Release|Any CPU
		{C26C649E-F32A-4B1E-93ED-89BDA3784D10}.Release|Mixed Platforms.ActiveCfg = Release|Any CPU
		{C26C649E-F32A-4B1E-93ED-89BDA3784D10}.Release|Mixed Platforms.Build.0 = Release|Any CPU
		{C26C649E-F32A-4B1E-93ED-89BDA3784D10}.Release|x86.ActiveCfg = Release|Any CPU
		{C26C649E-F32A-4B1E-93ED-89BDA3784D10}.Release|x86.Build.0 = Release|Any CPU
		{C26C649E-F32A-4B1E-93ED-89BDA3784D10}.XamarinTestCloud|Any CPU.ActiveCfg = Release|Any CPU
		{C26C649E-F32A-4B1E-93ED-89BDA3784D10}.XamarinTestCloud|Any CPU.Build.0 = Release|Any CPU
		{C26C649E-F32A-4B1E-93ED-89BDA3784D10}.XamarinTestCloud|ARM.ActiveCfg = Release|Any CPU
		{C26C649E-F32A-4B1E-93ED-89BDA3784D10}.XamarinTestCloud|ARM.Build.0 = Release|Any CPU
		{C26C649E-F32A-4B1E-93ED-89BDA3784D10}.XamarinTestCloud|iPhone.ActiveCfg = Release|Any CPU
		{C26C649E-F32A-4B1E-93ED-89BDA3784D10}.XamarinTestCloud|iPhone.Build.0 = Release|Any CPU
		{C26C649E-F32A-4B1E-93ED-89BDA3784D10}.XamarinTestCloud|iPhoneSimulator.ActiveCfg = Release|Any CPU
		{C26C649E-F32A-4B1E-93ED-89BDA3784D10}.XamarinTestCloud|iPhoneSimulator.Build.0 = Release|Any CPU
		{C26C649E-F32A-4B1E-93ED-89BDA3784D10}.XamarinTestCloud|Mixed Platforms.ActiveCfg = Release|Any CPU
		{C26C649E-F32A-4B1E-93ED-89BDA3784D10}.XamarinTestCloud|Mixed Platforms.Build.0 = Release|Any CPU
		{C26C649E-F32A-4B1E-93ED-89BDA3784D10}.XamarinTestCloud|x86.ActiveCfg = Release|Any CPU
		{C26C649E-F32A-4B1E-93ED-89BDA3784D10}.XamarinTestCloud|x86.Build.0 = Release|Any CPU
	EndGlobalSection
	GlobalSection(SolutionProperties) = preSolution
		HideSolutionNode = FALSE
	EndGlobalSection
	GlobalSection(MonoDevelopProperties) = preSolution
		Policies = $0
		$0.TextStylePolicy = $1
		$1.NoTabsAfterNonTabs = True
		$1.inheritsSet = VisualStudio
		$1.inheritsScope = text/plain
		$1.scope = text/x-csharp
		$0.CSharpFormattingPolicy = $2
		$2.IndentSwitchBody = True
		$2.IndentBlocksInsideExpressions = True
		$2.AnonymousMethodBraceStyle = NextLine
		$2.PropertyBraceStyle = NextLine
		$2.PropertyGetBraceStyle = NextLine
		$2.PropertySetBraceStyle = NextLine
		$2.EventBraceStyle = NextLine
		$2.EventAddBraceStyle = NextLine
		$2.EventRemoveBraceStyle = NextLine
		$2.StatementBraceStyle = NextLine
		$2.ElseNewLinePlacement = NewLine
		$2.CatchNewLinePlacement = NewLine
		$2.FinallyNewLinePlacement = NewLine
		$2.WhileNewLinePlacement = DoNotCare
		$2.ArrayInitializerWrapping = DoNotChange
		$2.ArrayInitializerBraceStyle = NextLine
		$2.BeforeMethodDeclarationParentheses = False
		$2.BeforeMethodCallParentheses = False
		$2.BeforeConstructorDeclarationParentheses = False
		$2.NewLineBeforeConstructorInitializerColon = NewLine
		$2.NewLineAfterConstructorInitializerColon = SameLine
		$2.BeforeDelegateDeclarationParentheses = False
		$2.NewParentheses = False
		$2.SpacesBeforeBrackets = False
		$2.inheritsSet = Mono
		$2.inheritsScope = text/x-csharp
		$2.scope = text/x-csharp
		$2.NewLinesForBracesInProperties = True
		$2.NewLinesForBracesInAccessors = True
		$2.NewLinesForBracesInAnonymousMethods = True
		$2.NewLinesForBracesInControlBlocks = True
		$2.NewLinesForBracesInAnonymousTypes = True
		$2.NewLinesForBracesInObjectCollectionArrayInitializers = True
		$2.NewLinesForBracesInLambdaExpressionBody = True
		$2.NewLineForElse = True
		$2.NewLineForCatch = True
		$2.NewLineForFinally = True
		$2.SpacingAfterMethodDeclarationName = False
		$2.SpaceAfterMethodCallName = False
		$2.SpaceBeforeOpenSquareBracket = False
		$0.StandardHeader = $3
		$3.Text = @Copyright 2014 The Rector & Visitors of the University of Virginia\n\nLicensed under the Apache License, Version 2.0 (the "License");\nyou may not use this file except in compliance with the License.\nYou may obtain a copy of the License at\n\n    http://www.apache.org/licenses/LICENSE-2.0\n\nUnless required by applicable law or agreed to in writing, software\ndistributed under the License is distributed on an "AS IS" BASIS,\nWITHOUT WARRANTIES OR CONDITIONS OF ANY KIND, either express or implied.\nSee the License for the specific language governing permissions and\nlimitations under the License.
		$3.IncludeInNewFiles = True
		$0.NameConventionPolicy = $4
		$4.Rules = $5
		$5.NamingRule = $6
		$6.AffectedEntity = None
		$6.VisibilityMask = VisibilityMask
		$6.NamingStyle = None
		$6.IncludeInstanceMembers = True
		$6.IncludeStaticEntities = True
		description = Sensus
		version = 2.0.0
	EndGlobalSection
EndGlobal
