
Microsoft Visual Studio Solution File, Format Version 12.00
# Visual Studio 2012
VisualStudioVersion = 12.0.31101.0
MinimumVisualStudioVersion = 10.0.40219.1
Project("{D954291E-2A0B-460D-934E-DC6B0785DB48}") = "SensusService", "SensusService\SensusService.shproj", "{B2F65FE8-F266-4C0C-B4A8-D326002B9180}"
EndProject
Project("{FAE04EC0-301F-11D3-BF4B-00C04F79EFBC}") = "Sensus.Android", "Sensus.Android\Sensus.Android.csproj", "{D33B6CDB-795C-4826-B131-47C526ACE07F}"
EndProject
Project("{2150E333-8FDC-42A3-9474-1A3956D46DE8}") = "Solution Items", "Solution Items", "{56DC9286-7449-4F64-8C94-C6B4543F125D}"
	ProjectSection(SolutionItems) = preProject
		.gitignore = .gitignore
		LICENSE.txt = LICENSE.txt
		NOTICE.txt = NOTICE.txt
		README.md = README.md
	EndProjectSection
EndProject
Project("{2150E333-8FDC-42A3-9474-1A3956D46DE8}") = ".nuget", ".nuget", "{D0290BCC-1A5C-4258-891F-A1D4E8098EE2}"
	ProjectSection(SolutionItems) = preProject
		.nuget\NuGet.Config = .nuget\NuGet.Config
		.nuget\NuGet.exe = .nuget\NuGet.exe
		.nuget\NuGet.targets = .nuget\NuGet.targets
	EndProjectSection
EndProject
Project("{FAE04EC0-301F-11D3-BF4B-00C04F79EFBC}") = "Sensus.WinPhone", "Sensus.WinPhone\Sensus.WinPhone.csproj", "{07F0C017-BEA0-4C03-B762-EE3C7F140E8A}"
EndProject
Project("{D954291E-2A0B-460D-934E-DC6B0785DB48}") = "SensusUI", "SensusUI\SensusUI.shproj", "{5B75B250-CCC2-43BF-91D7-5DAFAF0DCC6B}"
EndProject
Project("{FAE04EC0-301F-11D3-BF4B-00C04F79EFBC}") = "Sensus.iOS", "Sensus.iOS\Sensus.iOS.csproj", "{ACFA56BF-B959-4CAF-A2A7-981A9E48E17C}"
EndProject
Project("{FAE04EC0-301F-11D3-BF4B-00C04F79EFBC}") = "Sensus.UiTest", "Sensus.UiTest\Sensus.UiTest.csproj", "{7C2C81C9-7DF9-4676-B6DC-738CEB5990D9}"
EndProject
Global
	GlobalSection(SolutionConfigurationPlatforms) = preSolution
		Ad-Hoc|Any CPU = Ad-Hoc|Any CPU
		Ad-Hoc|ARM = Ad-Hoc|ARM
		Ad-Hoc|iPhone = Ad-Hoc|iPhone
		Ad-Hoc|iPhoneSimulator = Ad-Hoc|iPhoneSimulator
		Ad-Hoc|Mixed Platforms = Ad-Hoc|Mixed Platforms
		Ad-Hoc|x86 = Ad-Hoc|x86
		AppStore|Any CPU = AppStore|Any CPU
		AppStore|ARM = AppStore|ARM
		AppStore|iPhone = AppStore|iPhone
		AppStore|iPhoneSimulator = AppStore|iPhoneSimulator
		AppStore|Mixed Platforms = AppStore|Mixed Platforms
		AppStore|x86 = AppStore|x86
		Debug|Any CPU = Debug|Any CPU
		Debug|ARM = Debug|ARM
		Debug|iPhone = Debug|iPhone
		Debug|iPhoneSimulator = Debug|iPhoneSimulator
		Debug|Mixed Platforms = Debug|Mixed Platforms
		Debug|x86 = Debug|x86
		Release|Any CPU = Release|Any CPU
		Release|ARM = Release|ARM
		Release|iPhone = Release|iPhone
		Release|iPhoneSimulator = Release|iPhoneSimulator
		Release|Mixed Platforms = Release|Mixed Platforms
		Release|x86 = Release|x86
		Local Unit Testing|Any CPU = Local Unit Testing|Any CPU
		Xamarin Test Cloud|Any CPU = Xamarin Test Cloud|Any CPU
	EndGlobalSection
	GlobalSection(ProjectConfigurationPlatforms) = postSolution
		{07F0C017-BEA0-4C03-B762-EE3C7F140E8A}.Ad-Hoc|Any CPU.ActiveCfg = Release|Any CPU
		{07F0C017-BEA0-4C03-B762-EE3C7F140E8A}.Ad-Hoc|Any CPU.Build.0 = Release|Any CPU
		{07F0C017-BEA0-4C03-B762-EE3C7F140E8A}.Ad-Hoc|Any CPU.Deploy.0 = Release|Any CPU
		{07F0C017-BEA0-4C03-B762-EE3C7F140E8A}.Ad-Hoc|ARM.ActiveCfg = Release|ARM
		{07F0C017-BEA0-4C03-B762-EE3C7F140E8A}.Ad-Hoc|ARM.Build.0 = Release|ARM
		{07F0C017-BEA0-4C03-B762-EE3C7F140E8A}.Ad-Hoc|ARM.Deploy.0 = Release|ARM
		{07F0C017-BEA0-4C03-B762-EE3C7F140E8A}.Ad-Hoc|iPhone.ActiveCfg = Release|Any CPU
		{07F0C017-BEA0-4C03-B762-EE3C7F140E8A}.Ad-Hoc|iPhoneSimulator.ActiveCfg = Release|Any CPU
		{07F0C017-BEA0-4C03-B762-EE3C7F140E8A}.Ad-Hoc|Mixed Platforms.ActiveCfg = Release|x86
		{07F0C017-BEA0-4C03-B762-EE3C7F140E8A}.Ad-Hoc|Mixed Platforms.Build.0 = Release|x86
		{07F0C017-BEA0-4C03-B762-EE3C7F140E8A}.Ad-Hoc|Mixed Platforms.Deploy.0 = Release|x86
		{07F0C017-BEA0-4C03-B762-EE3C7F140E8A}.Ad-Hoc|x86.ActiveCfg = Release|x86
		{07F0C017-BEA0-4C03-B762-EE3C7F140E8A}.Ad-Hoc|x86.Build.0 = Release|x86
		{07F0C017-BEA0-4C03-B762-EE3C7F140E8A}.Ad-Hoc|x86.Deploy.0 = Release|x86
		{07F0C017-BEA0-4C03-B762-EE3C7F140E8A}.AppStore|Any CPU.ActiveCfg = Release|Any CPU
		{07F0C017-BEA0-4C03-B762-EE3C7F140E8A}.AppStore|Any CPU.Build.0 = Release|Any CPU
		{07F0C017-BEA0-4C03-B762-EE3C7F140E8A}.AppStore|Any CPU.Deploy.0 = Release|Any CPU
		{07F0C017-BEA0-4C03-B762-EE3C7F140E8A}.AppStore|ARM.ActiveCfg = Release|ARM
		{07F0C017-BEA0-4C03-B762-EE3C7F140E8A}.AppStore|ARM.Build.0 = Release|ARM
		{07F0C017-BEA0-4C03-B762-EE3C7F140E8A}.AppStore|ARM.Deploy.0 = Release|ARM
		{07F0C017-BEA0-4C03-B762-EE3C7F140E8A}.AppStore|iPhone.ActiveCfg = Release|Any CPU
		{07F0C017-BEA0-4C03-B762-EE3C7F140E8A}.AppStore|iPhoneSimulator.ActiveCfg = Release|Any CPU
		{07F0C017-BEA0-4C03-B762-EE3C7F140E8A}.AppStore|Mixed Platforms.ActiveCfg = Release|x86
		{07F0C017-BEA0-4C03-B762-EE3C7F140E8A}.AppStore|Mixed Platforms.Build.0 = Release|x86
		{07F0C017-BEA0-4C03-B762-EE3C7F140E8A}.AppStore|Mixed Platforms.Deploy.0 = Release|x86
		{07F0C017-BEA0-4C03-B762-EE3C7F140E8A}.AppStore|x86.ActiveCfg = Release|x86
		{07F0C017-BEA0-4C03-B762-EE3C7F140E8A}.AppStore|x86.Build.0 = Release|x86
		{07F0C017-BEA0-4C03-B762-EE3C7F140E8A}.AppStore|x86.Deploy.0 = Release|x86
		{07F0C017-BEA0-4C03-B762-EE3C7F140E8A}.Debug|Any CPU.ActiveCfg = Debug|Any CPU
		{07F0C017-BEA0-4C03-B762-EE3C7F140E8A}.Debug|Any CPU.Build.0 = Debug|Any CPU
		{07F0C017-BEA0-4C03-B762-EE3C7F140E8A}.Debug|Any CPU.Deploy.0 = Debug|Any CPU
		{07F0C017-BEA0-4C03-B762-EE3C7F140E8A}.Debug|ARM.ActiveCfg = Debug|ARM
		{07F0C017-BEA0-4C03-B762-EE3C7F140E8A}.Debug|ARM.Build.0 = Debug|ARM
		{07F0C017-BEA0-4C03-B762-EE3C7F140E8A}.Debug|ARM.Deploy.0 = Debug|ARM
		{07F0C017-BEA0-4C03-B762-EE3C7F140E8A}.Debug|iPhone.ActiveCfg = Debug|Any CPU
		{07F0C017-BEA0-4C03-B762-EE3C7F140E8A}.Debug|iPhoneSimulator.ActiveCfg = Debug|Any CPU
		{07F0C017-BEA0-4C03-B762-EE3C7F140E8A}.Debug|Mixed Platforms.ActiveCfg = Debug|x86
		{07F0C017-BEA0-4C03-B762-EE3C7F140E8A}.Debug|Mixed Platforms.Build.0 = Debug|x86
		{07F0C017-BEA0-4C03-B762-EE3C7F140E8A}.Debug|Mixed Platforms.Deploy.0 = Debug|x86
		{07F0C017-BEA0-4C03-B762-EE3C7F140E8A}.Debug|x86.ActiveCfg = Debug|x86
		{07F0C017-BEA0-4C03-B762-EE3C7F140E8A}.Debug|x86.Build.0 = Debug|x86
		{07F0C017-BEA0-4C03-B762-EE3C7F140E8A}.Debug|x86.Deploy.0 = Debug|x86
		{07F0C017-BEA0-4C03-B762-EE3C7F140E8A}.Local Unit Testing|Any CPU.ActiveCfg = Debug|Any CPU
		{07F0C017-BEA0-4C03-B762-EE3C7F140E8A}.Local Unit Testing|Any CPU.Build.0 = Debug|Any CPU
		{07F0C017-BEA0-4C03-B762-EE3C7F140E8A}.Release|Any CPU.ActiveCfg = Release|Any CPU
		{07F0C017-BEA0-4C03-B762-EE3C7F140E8A}.Release|Any CPU.Build.0 = Release|Any CPU
		{07F0C017-BEA0-4C03-B762-EE3C7F140E8A}.Release|Any CPU.Deploy.0 = Release|Any CPU
		{07F0C017-BEA0-4C03-B762-EE3C7F140E8A}.Release|ARM.ActiveCfg = Release|ARM
		{07F0C017-BEA0-4C03-B762-EE3C7F140E8A}.Release|ARM.Build.0 = Release|ARM
		{07F0C017-BEA0-4C03-B762-EE3C7F140E8A}.Release|ARM.Deploy.0 = Release|ARM
		{07F0C017-BEA0-4C03-B762-EE3C7F140E8A}.Release|iPhone.ActiveCfg = Release|Any CPU
		{07F0C017-BEA0-4C03-B762-EE3C7F140E8A}.Release|iPhoneSimulator.ActiveCfg = Release|Any CPU
		{07F0C017-BEA0-4C03-B762-EE3C7F140E8A}.Release|Mixed Platforms.ActiveCfg = Release|x86
		{07F0C017-BEA0-4C03-B762-EE3C7F140E8A}.Release|Mixed Platforms.Build.0 = Release|x86
		{07F0C017-BEA0-4C03-B762-EE3C7F140E8A}.Release|Mixed Platforms.Deploy.0 = Release|x86
		{07F0C017-BEA0-4C03-B762-EE3C7F140E8A}.Release|x86.ActiveCfg = Release|x86
		{07F0C017-BEA0-4C03-B762-EE3C7F140E8A}.Release|x86.Build.0 = Release|x86
		{07F0C017-BEA0-4C03-B762-EE3C7F140E8A}.Release|x86.Deploy.0 = Release|x86
		{07F0C017-BEA0-4C03-B762-EE3C7F140E8A}.Xamarin Test Cloud|Any CPU.ActiveCfg = Debug|Any CPU
		{07F0C017-BEA0-4C03-B762-EE3C7F140E8A}.Xamarin Test Cloud|Any CPU.Build.0 = Debug|Any CPU
		{7C2C81C9-7DF9-4676-B6DC-738CEB5990D9}.Ad-Hoc|Any CPU.ActiveCfg = Release|Any CPU
		{7C2C81C9-7DF9-4676-B6DC-738CEB5990D9}.Ad-Hoc|ARM.ActiveCfg = Debug|Any CPU
		{7C2C81C9-7DF9-4676-B6DC-738CEB5990D9}.Ad-Hoc|ARM.Build.0 = Debug|Any CPU
		{7C2C81C9-7DF9-4676-B6DC-738CEB5990D9}.Ad-Hoc|iPhone.ActiveCfg = Release|Any CPU
		{7C2C81C9-7DF9-4676-B6DC-738CEB5990D9}.Ad-Hoc|iPhone.Build.0 = Release|Any CPU
		{7C2C81C9-7DF9-4676-B6DC-738CEB5990D9}.Ad-Hoc|iPhoneSimulator.ActiveCfg = Release|Any CPU
		{7C2C81C9-7DF9-4676-B6DC-738CEB5990D9}.Ad-Hoc|iPhoneSimulator.Build.0 = Release|Any CPU
		{7C2C81C9-7DF9-4676-B6DC-738CEB5990D9}.Ad-Hoc|Mixed Platforms.ActiveCfg = Release|Any CPU
		{7C2C81C9-7DF9-4676-B6DC-738CEB5990D9}.Ad-Hoc|Mixed Platforms.Build.0 = Release|Any CPU
		{7C2C81C9-7DF9-4676-B6DC-738CEB5990D9}.Ad-Hoc|x86.ActiveCfg = Release|Any CPU
		{7C2C81C9-7DF9-4676-B6DC-738CEB5990D9}.Ad-Hoc|x86.Build.0 = Release|Any CPU
		{7C2C81C9-7DF9-4676-B6DC-738CEB5990D9}.AppStore|Any CPU.ActiveCfg = Release|Any CPU
		{7C2C81C9-7DF9-4676-B6DC-738CEB5990D9}.AppStore|ARM.ActiveCfg = Debug|Any CPU
		{7C2C81C9-7DF9-4676-B6DC-738CEB5990D9}.AppStore|ARM.Build.0 = Debug|Any CPU
		{7C2C81C9-7DF9-4676-B6DC-738CEB5990D9}.AppStore|iPhone.ActiveCfg = Release|Any CPU
		{7C2C81C9-7DF9-4676-B6DC-738CEB5990D9}.AppStore|iPhone.Build.0 = Release|Any CPU
		{7C2C81C9-7DF9-4676-B6DC-738CEB5990D9}.AppStore|iPhoneSimulator.ActiveCfg = Release|Any CPU
		{7C2C81C9-7DF9-4676-B6DC-738CEB5990D9}.AppStore|iPhoneSimulator.Build.0 = Release|Any CPU
		{7C2C81C9-7DF9-4676-B6DC-738CEB5990D9}.AppStore|Mixed Platforms.ActiveCfg = Release|Any CPU
		{7C2C81C9-7DF9-4676-B6DC-738CEB5990D9}.AppStore|Mixed Platforms.Build.0 = Release|Any CPU
		{7C2C81C9-7DF9-4676-B6DC-738CEB5990D9}.AppStore|x86.ActiveCfg = Release|Any CPU
		{7C2C81C9-7DF9-4676-B6DC-738CEB5990D9}.AppStore|x86.Build.0 = Release|Any CPU
		{7C2C81C9-7DF9-4676-B6DC-738CEB5990D9}.Debug|Any CPU.ActiveCfg = Debug|Any CPU
		{7C2C81C9-7DF9-4676-B6DC-738CEB5990D9}.Debug|ARM.ActiveCfg = Debug|Any CPU
		{7C2C81C9-7DF9-4676-B6DC-738CEB5990D9}.Debug|ARM.Build.0 = Debug|Any CPU
		{7C2C81C9-7DF9-4676-B6DC-738CEB5990D9}.Debug|iPhone.ActiveCfg = Debug|Any CPU
		{7C2C81C9-7DF9-4676-B6DC-738CEB5990D9}.Debug|iPhone.Build.0 = Debug|Any CPU
		{7C2C81C9-7DF9-4676-B6DC-738CEB5990D9}.Debug|iPhoneSimulator.ActiveCfg = Debug|Any CPU
		{7C2C81C9-7DF9-4676-B6DC-738CEB5990D9}.Debug|iPhoneSimulator.Build.0 = Debug|Any CPU
		{7C2C81C9-7DF9-4676-B6DC-738CEB5990D9}.Debug|Mixed Platforms.ActiveCfg = Debug|Any CPU
		{7C2C81C9-7DF9-4676-B6DC-738CEB5990D9}.Debug|Mixed Platforms.Build.0 = Debug|Any CPU
		{7C2C81C9-7DF9-4676-B6DC-738CEB5990D9}.Debug|x86.ActiveCfg = Debug|Any CPU
		{7C2C81C9-7DF9-4676-B6DC-738CEB5990D9}.Debug|x86.Build.0 = Debug|Any CPU
		{7C2C81C9-7DF9-4676-B6DC-738CEB5990D9}.Local Unit Testing|Any CPU.ActiveCfg = Local Unit Testing|Any CPU
		{7C2C81C9-7DF9-4676-B6DC-738CEB5990D9}.Local Unit Testing|Any CPU.Build.0 = Local Unit Testing|Any CPU
		{7C2C81C9-7DF9-4676-B6DC-738CEB5990D9}.Release|Any CPU.ActiveCfg = Release|Any CPU
		{7C2C81C9-7DF9-4676-B6DC-738CEB5990D9}.Release|ARM.ActiveCfg = Release|Any CPU
		{7C2C81C9-7DF9-4676-B6DC-738CEB5990D9}.Release|ARM.Build.0 = Release|Any CPU
		{7C2C81C9-7DF9-4676-B6DC-738CEB5990D9}.Release|iPhone.ActiveCfg = Release|Any CPU
		{7C2C81C9-7DF9-4676-B6DC-738CEB5990D9}.Release|iPhone.Build.0 = Release|Any CPU
		{7C2C81C9-7DF9-4676-B6DC-738CEB5990D9}.Release|iPhoneSimulator.ActiveCfg = Release|Any CPU
		{7C2C81C9-7DF9-4676-B6DC-738CEB5990D9}.Release|iPhoneSimulator.Build.0 = Release|Any CPU
		{7C2C81C9-7DF9-4676-B6DC-738CEB5990D9}.Release|Mixed Platforms.ActiveCfg = Release|Any CPU
		{7C2C81C9-7DF9-4676-B6DC-738CEB5990D9}.Release|Mixed Platforms.Build.0 = Release|Any CPU
		{7C2C81C9-7DF9-4676-B6DC-738CEB5990D9}.Release|x86.ActiveCfg = Release|Any CPU
		{7C2C81C9-7DF9-4676-B6DC-738CEB5990D9}.Release|x86.Build.0 = Release|Any CPU
		{7C2C81C9-7DF9-4676-B6DC-738CEB5990D9}.Xamarin Test Cloud|Any CPU.ActiveCfg = Xamarin Test Cloud|Any CPU
		{7C2C81C9-7DF9-4676-B6DC-738CEB5990D9}.Xamarin Test Cloud|Any CPU.Build.0 = Xamarin Test Cloud|Any CPU
		{ACFA56BF-B959-4CAF-A2A7-981A9E48E17C}.Ad-Hoc|Any CPU.ActiveCfg = Ad-Hoc|iPhone
		{ACFA56BF-B959-4CAF-A2A7-981A9E48E17C}.Ad-Hoc|Any CPU.Build.0 = Ad-Hoc|iPhone
		{ACFA56BF-B959-4CAF-A2A7-981A9E48E17C}.Ad-Hoc|ARM.ActiveCfg = Ad-Hoc|iPhone
		{ACFA56BF-B959-4CAF-A2A7-981A9E48E17C}.Ad-Hoc|ARM.Build.0 = Ad-Hoc|iPhone
		{ACFA56BF-B959-4CAF-A2A7-981A9E48E17C}.Ad-Hoc|iPhone.ActiveCfg = Ad-Hoc|iPhone
		{ACFA56BF-B959-4CAF-A2A7-981A9E48E17C}.Ad-Hoc|iPhone.Build.0 = Ad-Hoc|iPhone
		{ACFA56BF-B959-4CAF-A2A7-981A9E48E17C}.Ad-Hoc|iPhoneSimulator.ActiveCfg = Debug|iPhoneSimulator
		{ACFA56BF-B959-4CAF-A2A7-981A9E48E17C}.Ad-Hoc|iPhoneSimulator.Build.0 = Debug|iPhoneSimulator
		{ACFA56BF-B959-4CAF-A2A7-981A9E48E17C}.Ad-Hoc|Mixed Platforms.ActiveCfg = Ad-Hoc|iPhone
		{ACFA56BF-B959-4CAF-A2A7-981A9E48E17C}.Ad-Hoc|Mixed Platforms.Build.0 = Ad-Hoc|iPhone
		{ACFA56BF-B959-4CAF-A2A7-981A9E48E17C}.Ad-Hoc|x86.ActiveCfg = Ad-Hoc|iPhone
		{ACFA56BF-B959-4CAF-A2A7-981A9E48E17C}.Ad-Hoc|x86.Build.0 = Ad-Hoc|iPhone
		{ACFA56BF-B959-4CAF-A2A7-981A9E48E17C}.AppStore|Any CPU.ActiveCfg = AppStore|iPhone
		{ACFA56BF-B959-4CAF-A2A7-981A9E48E17C}.AppStore|Any CPU.Build.0 = AppStore|iPhone
		{ACFA56BF-B959-4CAF-A2A7-981A9E48E17C}.AppStore|ARM.ActiveCfg = AppStore|iPhone
		{ACFA56BF-B959-4CAF-A2A7-981A9E48E17C}.AppStore|ARM.Build.0 = AppStore|iPhone
		{ACFA56BF-B959-4CAF-A2A7-981A9E48E17C}.AppStore|iPhone.ActiveCfg = AppStore|iPhone
		{ACFA56BF-B959-4CAF-A2A7-981A9E48E17C}.AppStore|iPhone.Build.0 = AppStore|iPhone
		{ACFA56BF-B959-4CAF-A2A7-981A9E48E17C}.AppStore|iPhoneSimulator.ActiveCfg = Debug|iPhoneSimulator
		{ACFA56BF-B959-4CAF-A2A7-981A9E48E17C}.AppStore|iPhoneSimulator.Build.0 = Debug|iPhoneSimulator
		{ACFA56BF-B959-4CAF-A2A7-981A9E48E17C}.AppStore|Mixed Platforms.ActiveCfg = AppStore|iPhone
		{ACFA56BF-B959-4CAF-A2A7-981A9E48E17C}.AppStore|Mixed Platforms.Build.0 = AppStore|iPhone
		{ACFA56BF-B959-4CAF-A2A7-981A9E48E17C}.AppStore|x86.ActiveCfg = AppStore|iPhone
		{ACFA56BF-B959-4CAF-A2A7-981A9E48E17C}.AppStore|x86.Build.0 = AppStore|iPhone
		{ACFA56BF-B959-4CAF-A2A7-981A9E48E17C}.Debug|Any CPU.ActiveCfg = Debug|iPhoneSimulator
		{ACFA56BF-B959-4CAF-A2A7-981A9E48E17C}.Debug|Any CPU.Build.0 = Debug|iPhoneSimulator
		{ACFA56BF-B959-4CAF-A2A7-981A9E48E17C}.Debug|ARM.ActiveCfg = Debug|iPhoneSimulator
		{ACFA56BF-B959-4CAF-A2A7-981A9E48E17C}.Debug|ARM.Build.0 = Debug|iPhoneSimulator
		{ACFA56BF-B959-4CAF-A2A7-981A9E48E17C}.Debug|iPhone.ActiveCfg = Debug|iPhone
		{ACFA56BF-B959-4CAF-A2A7-981A9E48E17C}.Debug|iPhone.Build.0 = Debug|iPhone
		{ACFA56BF-B959-4CAF-A2A7-981A9E48E17C}.Debug|iPhoneSimulator.ActiveCfg = Debug|iPhoneSimulator
		{ACFA56BF-B959-4CAF-A2A7-981A9E48E17C}.Debug|iPhoneSimulator.Build.0 = Debug|iPhoneSimulator
		{ACFA56BF-B959-4CAF-A2A7-981A9E48E17C}.Debug|Mixed Platforms.ActiveCfg = Debug|iPhoneSimulator
		{ACFA56BF-B959-4CAF-A2A7-981A9E48E17C}.Debug|Mixed Platforms.Build.0 = Debug|iPhoneSimulator
		{ACFA56BF-B959-4CAF-A2A7-981A9E48E17C}.Debug|x86.ActiveCfg = Debug|iPhoneSimulator
		{ACFA56BF-B959-4CAF-A2A7-981A9E48E17C}.Debug|x86.Build.0 = Debug|iPhoneSimulator
		{ACFA56BF-B959-4CAF-A2A7-981A9E48E17C}.Local Unit Testing|Any CPU.ActiveCfg = Local Unit Testing|iPhone
		{ACFA56BF-B959-4CAF-A2A7-981A9E48E17C}.Release|Any CPU.ActiveCfg = Release|iPhoneSimulator
		{ACFA56BF-B959-4CAF-A2A7-981A9E48E17C}.Release|Any CPU.Build.0 = Release|iPhoneSimulator
		{ACFA56BF-B959-4CAF-A2A7-981A9E48E17C}.Release|ARM.ActiveCfg = Release|iPhoneSimulator
		{ACFA56BF-B959-4CAF-A2A7-981A9E48E17C}.Release|ARM.Build.0 = Release|iPhoneSimulator
		{ACFA56BF-B959-4CAF-A2A7-981A9E48E17C}.Release|iPhone.ActiveCfg = Release|iPhone
		{ACFA56BF-B959-4CAF-A2A7-981A9E48E17C}.Release|iPhone.Build.0 = Release|iPhone
		{ACFA56BF-B959-4CAF-A2A7-981A9E48E17C}.Release|iPhoneSimulator.ActiveCfg = Release|iPhoneSimulator
		{ACFA56BF-B959-4CAF-A2A7-981A9E48E17C}.Release|iPhoneSimulator.Build.0 = Release|iPhoneSimulator
		{ACFA56BF-B959-4CAF-A2A7-981A9E48E17C}.Release|Mixed Platforms.ActiveCfg = Release|iPhoneSimulator
		{ACFA56BF-B959-4CAF-A2A7-981A9E48E17C}.Release|Mixed Platforms.Build.0 = Release|iPhoneSimulator
		{ACFA56BF-B959-4CAF-A2A7-981A9E48E17C}.Release|x86.ActiveCfg = Release|iPhoneSimulator
		{ACFA56BF-B959-4CAF-A2A7-981A9E48E17C}.Release|x86.Build.0 = Release|iPhoneSimulator
		{ACFA56BF-B959-4CAF-A2A7-981A9E48E17C}.Xamarin Test Cloud|Any CPU.ActiveCfg = Xamarin Test Cloud|iPhone
		{D33B6CDB-795C-4826-B131-47C526ACE07F}.Ad-Hoc|Any CPU.ActiveCfg = Release|Any CPU
		{D33B6CDB-795C-4826-B131-47C526ACE07F}.Ad-Hoc|Any CPU.Build.0 = Release|Any CPU
		{D33B6CDB-795C-4826-B131-47C526ACE07F}.Ad-Hoc|Any CPU.Deploy.0 = Release|Any CPU
		{D33B6CDB-795C-4826-B131-47C526ACE07F}.Ad-Hoc|ARM.ActiveCfg = Debug|Any CPU
		{D33B6CDB-795C-4826-B131-47C526ACE07F}.Ad-Hoc|iPhone.ActiveCfg = Release|Any CPU
		{D33B6CDB-795C-4826-B131-47C526ACE07F}.Ad-Hoc|iPhoneSimulator.ActiveCfg = Release|Any CPU
		{D33B6CDB-795C-4826-B131-47C526ACE07F}.Ad-Hoc|Mixed Platforms.ActiveCfg = Release|Any CPU
		{D33B6CDB-795C-4826-B131-47C526ACE07F}.Ad-Hoc|Mixed Platforms.Build.0 = Release|Any CPU
		{D33B6CDB-795C-4826-B131-47C526ACE07F}.Ad-Hoc|Mixed Platforms.Deploy.0 = Release|Any CPU
		{D33B6CDB-795C-4826-B131-47C526ACE07F}.Ad-Hoc|x86.ActiveCfg = Release|x86
		{D33B6CDB-795C-4826-B131-47C526ACE07F}.Ad-Hoc|x86.Build.0 = Release|x86
		{D33B6CDB-795C-4826-B131-47C526ACE07F}.Ad-Hoc|x86.Deploy.0 = Release|x86
		{D33B6CDB-795C-4826-B131-47C526ACE07F}.AppStore|Any CPU.ActiveCfg = Release|Any CPU
		{D33B6CDB-795C-4826-B131-47C526ACE07F}.AppStore|Any CPU.Build.0 = Release|Any CPU
		{D33B6CDB-795C-4826-B131-47C526ACE07F}.AppStore|Any CPU.Deploy.0 = Release|Any CPU
		{D33B6CDB-795C-4826-B131-47C526ACE07F}.AppStore|ARM.ActiveCfg = Debug|Any CPU
		{D33B6CDB-795C-4826-B131-47C526ACE07F}.AppStore|iPhone.ActiveCfg = Release|Any CPU
		{D33B6CDB-795C-4826-B131-47C526ACE07F}.AppStore|iPhoneSimulator.ActiveCfg = Release|Any CPU
		{D33B6CDB-795C-4826-B131-47C526ACE07F}.AppStore|Mixed Platforms.ActiveCfg = Release|Any CPU
		{D33B6CDB-795C-4826-B131-47C526ACE07F}.AppStore|Mixed Platforms.Build.0 = Release|Any CPU
		{D33B6CDB-795C-4826-B131-47C526ACE07F}.AppStore|Mixed Platforms.Deploy.0 = Release|Any CPU
		{D33B6CDB-795C-4826-B131-47C526ACE07F}.AppStore|x86.ActiveCfg = Release|x86
		{D33B6CDB-795C-4826-B131-47C526ACE07F}.AppStore|x86.Build.0 = Release|x86
		{D33B6CDB-795C-4826-B131-47C526ACE07F}.AppStore|x86.Deploy.0 = Release|x86
		{D33B6CDB-795C-4826-B131-47C526ACE07F}.Debug|Any CPU.ActiveCfg = Debug|Any CPU
		{D33B6CDB-795C-4826-B131-47C526ACE07F}.Debug|Any CPU.Build.0 = Debug|Any CPU
		{D33B6CDB-795C-4826-B131-47C526ACE07F}.Debug|Any CPU.Deploy.0 = Debug|Any CPU
		{D33B6CDB-795C-4826-B131-47C526ACE07F}.Debug|ARM.ActiveCfg = Debug|Any CPU
		{D33B6CDB-795C-4826-B131-47C526ACE07F}.Debug|iPhone.ActiveCfg = Debug|Any CPU
		{D33B6CDB-795C-4826-B131-47C526ACE07F}.Debug|iPhoneSimulator.ActiveCfg = Debug|x86
		{D33B6CDB-795C-4826-B131-47C526ACE07F}.Debug|iPhoneSimulator.Build.0 = Debug|x86
		{D33B6CDB-795C-4826-B131-47C526ACE07F}.Debug|iPhoneSimulator.Deploy.0 = Debug|x86
		{D33B6CDB-795C-4826-B131-47C526ACE07F}.Debug|Mixed Platforms.ActiveCfg = Debug|Any CPU
		{D33B6CDB-795C-4826-B131-47C526ACE07F}.Debug|Mixed Platforms.Build.0 = Debug|Any CPU
		{D33B6CDB-795C-4826-B131-47C526ACE07F}.Debug|Mixed Platforms.Deploy.0 = Debug|Any CPU
		{D33B6CDB-795C-4826-B131-47C526ACE07F}.Debug|x86.ActiveCfg = Debug|x86
		{D33B6CDB-795C-4826-B131-47C526ACE07F}.Debug|x86.Build.0 = Debug|x86
		{D33B6CDB-795C-4826-B131-47C526ACE07F}.Debug|x86.Deploy.0 = Debug|x86
		{D33B6CDB-795C-4826-B131-47C526ACE07F}.Local Unit Testing|Any CPU.ActiveCfg = Local Unit Testing|Any CPU
		{D33B6CDB-795C-4826-B131-47C526ACE07F}.Release|Any CPU.ActiveCfg = Release|Any CPU
		{D33B6CDB-795C-4826-B131-47C526ACE07F}.Release|Any CPU.Build.0 = Release|Any CPU
		{D33B6CDB-795C-4826-B131-47C526ACE07F}.Release|Any CPU.Deploy.0 = Release|Any CPU
		{D33B6CDB-795C-4826-B131-47C526ACE07F}.Release|ARM.ActiveCfg = Release|Any CPU
		{D33B6CDB-795C-4826-B131-47C526ACE07F}.Release|iPhone.ActiveCfg = Release|Any CPU
		{D33B6CDB-795C-4826-B131-47C526ACE07F}.Release|iPhoneSimulator.ActiveCfg = Release|Any CPU
		{D33B6CDB-795C-4826-B131-47C526ACE07F}.Release|Mixed Platforms.ActiveCfg = Release|Any CPU
		{D33B6CDB-795C-4826-B131-47C526ACE07F}.Release|Mixed Platforms.Build.0 = Release|Any CPU
		{D33B6CDB-795C-4826-B131-47C526ACE07F}.Release|Mixed Platforms.Deploy.0 = Release|Any CPU
		{D33B6CDB-795C-4826-B131-47C526ACE07F}.Release|x86.ActiveCfg = Release|x86
		{D33B6CDB-795C-4826-B131-47C526ACE07F}.Release|x86.Build.0 = Release|x86
		{D33B6CDB-795C-4826-B131-47C526ACE07F}.Release|x86.Deploy.0 = Release|x86
		{D33B6CDB-795C-4826-B131-47C526ACE07F}.Xamarin Test Cloud|Any CPU.ActiveCfg = Xamarin Test Cloud|Any CPU
	EndGlobalSection
	GlobalSection(NestedProjects) = preSolution
	EndGlobalSection
	GlobalSection(MonoDevelopProperties) = preSolution
		Policies = $0
		$0.TextStylePolicy = $1
		$1.NoTabsAfterNonTabs = True
		$1.inheritsSet = VisualStudio
		$1.inheritsScope = text/plain
		$1.scope = text/x-csharp
		$0.CSharpFormattingPolicy = $2
		$2.IndentSwitchBody = True
		$2.IndentBlocksInsideExpressions = True
		$2.AnonymousMethodBraceStyle = NextLine
		$2.PropertyBraceStyle = NextLine
		$2.PropertyGetBraceStyle = NextLine
		$2.PropertySetBraceStyle = NextLine
		$2.EventBraceStyle = NextLine
		$2.EventAddBraceStyle = NextLine
		$2.EventRemoveBraceStyle = NextLine
		$2.StatementBraceStyle = NextLine
		$2.ElseNewLinePlacement = NewLine
		$2.CatchNewLinePlacement = NewLine
		$2.FinallyNewLinePlacement = NewLine
		$2.WhileNewLinePlacement = DoNotCare
		$2.ArrayInitializerWrapping = DoNotChange
		$2.ArrayInitializerBraceStyle = NextLine
		$2.BeforeMethodDeclarationParentheses = False
		$2.BeforeMethodCallParentheses = False
		$2.BeforeConstructorDeclarationParentheses = False
		$2.NewLineBeforeConstructorInitializerColon = NewLine
		$2.NewLineAfterConstructorInitializerColon = SameLine
		$2.BeforeDelegateDeclarationParentheses = False
		$2.NewParentheses = False
		$2.SpacesBeforeBrackets = False
		$2.inheritsSet = Mono
		$2.inheritsScope = text/x-csharp
		$2.scope = text/x-csharp
		$0.StandardHeader = $3
		$3.Text = @Copyright 2014 The Rector & Visitors of the University of Virginia\n\nLicensed under the Apache License, Version 2.0 (the "License");\nyou may not use this file except in compliance with the License.\nYou may obtain a copy of the License at\n\n    http://www.apache.org/licenses/LICENSE-2.0\n\nUnless required by applicable law or agreed to in writing, software\ndistributed under the License is distributed on an "AS IS" BASIS,\nWITHOUT WARRANTIES OR CONDITIONS OF ANY KIND, either express or implied.\nSee the License for the specific language governing permissions and\nlimitations under the License.
		$3.IncludeInNewFiles = True
		$0.NameConventionPolicy = $4
		$4.Rules = $5
		$5.NamingRule = $6
		$6.AffectedEntity = None
		$6.VisibilityMask = VisibilityMask
		$6.NamingStyle = None
		$6.IncludeInstanceMembers = True
		$6.IncludeStaticEntities = True
		description = Sensus
		version = 2.0.0
	EndGlobalSection
	GlobalSection(SharedMSBuildProjectFiles) = preSolution
		SensusService\SensusService.projitems*{acfa56bf-b959-4caf-a2a7-981a9e48e17c}*SharedItemsImports = 4
		SensusUI\SensusUI.projitems*{acfa56bf-b959-4caf-a2a7-981a9e48e17c}*SharedItemsImports = 4
		SensusService\SensusService.projitems*{b2f65fe8-f266-4c0c-b4a8-d326002b9180}*SharedItemsImports = 13
		SensusUI\SensusUI.projitems*{5b75b250-ccc2-43bf-91d7-5dafaf0dcc6b}*SharedItemsImports = 13
		SensusService\SensusService.projitems*{d33b6cdb-795c-4826-b131-47c526ace07f}*SharedItemsImports = 4
		SensusUI\SensusUI.projitems*{d33b6cdb-795c-4826-b131-47c526ace07f}*SharedItemsImports = 4
		SensusService\SensusService.projitems*{07f0c017-bea0-4c03-b762-ee3c7f140e8a}*SharedItemsImports = 4
		SensusUI\SensusUI.projitems*{07f0c017-bea0-4c03-b762-ee3c7f140e8a}*SharedItemsImports = 4
	EndGlobalSection
	GlobalSection(SolutionProperties) = preSolution
		HideSolutionNode = FALSE
	EndGlobalSection
EndGlobal
